{
  "pins" : [
    {
      "identity" : "amplify-ios",
      "kind" : "remoteSourceControl",
      "location" : "https://github.com/aws-amplify/amplify-ios",
      "state" : {
        "revision" : "2855a92c961d1b548ede7ffb7470109ec329a0b8",
        "version" : "1.26.1"
      }
    },
    {
      "identity" : "aws-appsync-realtime-client-ios",
      "kind" : "remoteSourceControl",
      "location" : "https://github.com/aws-amplify/aws-appsync-realtime-client-ios.git",
      "state" : {
        "revision" : "28f61d7ca362699941cc8844d34d082f1eb49602",
        "version" : "1.10.0"
      }
    },
    {
      "identity" : "aws-sdk-ios-spm",
      "kind" : "remoteSourceControl",
      "location" : "https://github.com/aws-amplify/aws-sdk-ios-spm.git",
      "state" : {
        "revision" : "34bcb816dfa3cd909f97554b0328178aa5b85153",
        "version" : "2.27.9"
      }
    },
    {
      "identity" : "cwlcatchexception",
      "kind" : "remoteSourceControl",
      "location" : "https://github.com/mattgallagher/CwlCatchException.git",
      "state" : {
        "revision" : "35f9e770f54ce62dd8526470f14c6e137cef3eea",
        "version" : "2.1.1"
      }
    },
    {
      "identity" : "cwlpreconditiontesting",
      "kind" : "remoteSourceControl",
      "location" : "https://github.com/mattgallagher/CwlPreconditionTesting.git",
      "state" : {
        "revision" : "c21f7bab5ca8eee0a9998bbd17ca1d0eb45d4688",
        "version" : "2.1.0"
      }
    },
    {
      "identity" : "nimble",
      "kind" : "remoteSourceControl",
      "location" : "https://github.com/Quick/Nimble.git",
      "state" : {
        "branch" : "main",
        "revision" : "44b9392dc0cdcc318d7310553f74b13bb74fce1c"
      }
    },
    {
      "identity" : "quick",
      "kind" : "remoteSourceControl",
      "location" : "https://github.com/Quick/Quick.git",
      "state" : {
        "branch" : "main",
        "revision" : "1d6f80abc1ad5b8f520ca78b4c0aae897d2aaece"
      }
    },
    {
      "identity" : "sqlite.swift",
      "kind" : "remoteSourceControl",
      "location" : "https://github.com/stephencelis/SQLite.swift.git",
      "state" : {
        "revision" : "5f5ad81ac0d0a0f3e56e39e646e8423c617df523",
        "version" : "0.13.2"
      }
    },
    {
      "identity" : "starscream",
      "kind" : "remoteSourceControl",
      "location" : "https://github.com/daltoniam/Starscream",
      "state" : {
        "revision" : "df8d82047f6654d8e4b655d1b1525c64e1059d21",
        "version" : "4.0.4"
      }
    }
  ],
  "version" : 2
}
