{
  "name": "animeal8f90e9b68f90e9b6CreateAuthChallenge",
  "version": "2.0.0",
  "lockfileVersion": 1,
  "requires": true,
  "dependencies": {
    "@types/aws-lambda": {
      "version": "8.10.106",
      "resolved": "https://registry.npmjs.org/@types/aws-lambda/-/aws-lambda-8.10.106.tgz",
      "integrity": "sha512-yzgMaql7aW1by1XuhKhovuhLyK/1A60lapFXDXXBeHmoyRGQFO2T8lkL3g8hAhHoW5PEvqPJFWPd8jvXiRnxeQ==",
      "dev": true
    },
    "crypto-secure-random-digit": {
      "version": "1.0.10",
      "resolved": "https://registry.npmjs.org/crypto-secure-random-digit/-/crypto-secure-random-digit-1.0.10.tgz",
      "integrity": "sha512-s8lDlKys87l8++pXrY8SxX3Uu31lQrpQDlPRGmR4r3y3iRqQiXj9ejAF1TsCU4w38mIXR72D571ujqzT+rcpCA=="
    }
  }
}
