# THIS IS AN AUTOGENERATED FILE. DO NOT EDIT THIS FILE DIRECTLY.
# yarn lockfile v1


"@types/aws-lambda@^8.10.92":
  version "8.10.103"
  resolved "https://registry.yarnpkg.com/@types/aws-lambda/-/aws-lambda-8.10.103.tgz#9f0d748036a206ebe4a3eb19febc53b52ee36352"
  integrity sha512-mYWsrM5YPmnyJru7kMDX8RYSc486sDqVOP1kUdotthD3YjJ57iTBN3N7MMtL1qdVoPW2YmCnNnWscyidmPe6Gw==

crypto-secure-random-digit@^1.0.10:
  version "1.0.10"
  resolved "https://registry.yarnpkg.com/crypto-secure-random-digit/-/crypto-secure-random-digit-1.0.10.tgz#68cba3079e3bd0ea2d0df8eecef6f63101c9e7e2"
  integrity sha512-s8lDlKys87l8++pXrY8SxX3Uu31lQrpQDlPRGmR4r3y3iRqQiXj9ejAF1TsCU4w38mIXR72D571ujqzT+rcpCA==
