# THIS IS AN AUTOGENERATED FILE. DO NOT EDIT THIS FILE DIRECTLY.
# yarn lockfile v1


"@types/aws-lambda@^8.10.92":
  "integrity" "sha512-yzgMaql7aW1by1XuhKhovuhLyK/1A60lapFXDXXBeHmoyRGQFO2T8lkL3g8hAhHoW5PEvqPJFWPd8jvXiRnxeQ=="
  "resolved" "https://registry.npmjs.org/@types/aws-lambda/-/aws-lambda-8.10.106.tgz"
  "version" "8.10.106"
