# THIS IS AN AUTOGENERATED FILE. DO NOT EDIT THIS FILE DIRECTLY.
# yarn lockfile v1


"@types/aws-lambda@^8.10.92":
  version "8.10.103"
  resolved "https://registry.yarnpkg.com/@types/aws-lambda/-/aws-lambda-8.10.103.tgz#9f0d748036a206ebe4a3eb19febc53b52ee36352"
  integrity sha512-mYWsrM5YPmnyJru7kMDX8RYSc486sDqVOP1kUdotthD3YjJ57iTBN3N7MMtL1qdVoPW2YmCnNnWscyidmPe6Gw==
