// !$*UTF8*$!
{
	archiveVersion = 1;
	classes = {
	};
	objectVersion = 55;
	objects = {

/* Begin PBXBuildFile section */
		DB058D6F284646430064A21F /* Images.xcassets in Resources */ = {isa = PBXBuildFile; fileRef = DB058D6E284646430064A21F /* Images.xcassets */; };
		DB058D71284646530064A21F /* Colors.xcassets in Resources */ = {isa = PBXBuildFile; fileRef = DB058D70284646530064A21F /* Colors.xcassets */; };
		DB0D66BF2846688500930564 /* Assets.swift in Sources */ = {isa = PBXBuildFile; fileRef = DB0D66BE2846688500930564 /* Assets.swift */; };
		DB0D671528466D6200930564 /* Localizable.strings in Resources */ = {isa = PBXBuildFile; fileRef = DB0D670C28466D6200930564 /* Localizable.strings */; };
		DB0D671728466D6200930564 /* sheet.csv in Resources */ = {isa = PBXBuildFile; fileRef = DB0D671428466D6200930564 /* sheet.csv */; };
		DB0D671928466E7700930564 /* Strings.swift in Sources */ = {isa = PBXBuildFile; fileRef = DB0D671828466E7700930564 /* Strings.swift */; };
		DB6B07C628450A380009397B /* AppDelegate.swift in Sources */ = {isa = PBXBuildFile; fileRef = DB6B07C528450A380009397B /* AppDelegate.swift */; };
		DB6B07C828450A380009397B /* SceneDelegate.swift in Sources */ = {isa = PBXBuildFile; fileRef = DB6B07C728450A380009397B /* SceneDelegate.swift */; };
		DB6B07CA28450A380009397B /* HomeViewController.swift in Sources */ = {isa = PBXBuildFile; fileRef = DB6B07C928450A380009397B /* HomeViewController.swift */; };
		DB6B07D228450A390009397B /* LaunchScreen.storyboard in Resources */ = {isa = PBXBuildFile; fileRef = DB6B07D028450A390009397B /* LaunchScreen.storyboard */; };
		DB6B07DD28450A3A0009397B /* AnimealTests.swift in Sources */ = {isa = PBXBuildFile; fileRef = DB6B07DC28450A3A0009397B /* AnimealTests.swift */; };
		FB371CE228476D1D007E6A08 /* AppDelegate.swift in Sources */ = {isa = PBXBuildFile; fileRef = FB371CE128476D1D007E6A08 /* AppDelegate.swift */; };
		FB371CE428476D1D007E6A08 /* SceneDelegate.swift in Sources */ = {isa = PBXBuildFile; fileRef = FB371CE328476D1D007E6A08 /* SceneDelegate.swift */; };
		FB371CE628476D1D007E6A08 /* MainViewController.swift in Sources */ = {isa = PBXBuildFile; fileRef = FB371CE528476D1D007E6A08 /* MainViewController.swift */; };
		FB371CEB28476D1E007E6A08 /* Assets.xcassets in Resources */ = {isa = PBXBuildFile; fileRef = FB371CEA28476D1E007E6A08 /* Assets.xcassets */; };
		FB371CEE28476D1E007E6A08 /* LaunchScreen.storyboard in Resources */ = {isa = PBXBuildFile; fileRef = FB371CEC28476D1E007E6A08 /* LaunchScreen.storyboard */; };
		FB5E4A3D28476EFB00679657 /* UIComponents in Frameworks */ = {isa = PBXBuildFile; productRef = FB5E4A3C28476EFB00679657 /* UIComponents */; };
		FB5E4A3F284770FE00679657 /* UIComponents in Frameworks */ = {isa = PBXBuildFile; productRef = FB5E4A3E284770FE00679657 /* UIComponents */; };
/* End PBXBuildFile section */

/* Begin PBXContainerItemProxy section */
		DB6B07D928450A3A0009397B /* PBXContainerItemProxy */ = {
			isa = PBXContainerItemProxy;
			containerPortal = DB6B07BA28450A380009397B /* Project object */;
			proxyType = 1;
			remoteGlobalIDString = DB6B07C128450A380009397B;
			remoteInfo = animeal;
		};
/* End PBXContainerItemProxy section */

/* Begin PBXFileReference section */
		DB058D6E284646430064A21F /* Images.xcassets */ = {isa = PBXFileReference; lastKnownFileType = folder.assetcatalog; path = Images.xcassets; sourceTree = "<group>"; };
		DB058D70284646530064A21F /* Colors.xcassets */ = {isa = PBXFileReference; lastKnownFileType = folder.assetcatalog; path = Colors.xcassets; sourceTree = "<group>"; };
		DB0D66BE2846688500930564 /* Assets.swift */ = {isa = PBXFileReference; fileEncoding = 4; lastKnownFileType = sourcecode.swift; path = Assets.swift; sourceTree = "<group>"; };
		DB0D670D28466D6200930564 /* en */ = {isa = PBXFileReference; lastKnownFileType = text.plist.strings; name = en; path = en.lproj/Localizable.strings; sourceTree = "<group>"; };
		DB0D671228466D6200930564 /* ru */ = {isa = PBXFileReference; lastKnownFileType = text.plist.strings; name = ru; path = ru.lproj/Localizable.strings; sourceTree = "<group>"; };
		DB0D671428466D6200930564 /* sheet.csv */ = {isa = PBXFileReference; fileEncoding = 4; lastKnownFileType = text; path = sheet.csv; sourceTree = "<group>"; };
		DB0D671828466E7700930564 /* Strings.swift */ = {isa = PBXFileReference; lastKnownFileType = sourcecode.swift; path = Strings.swift; sourceTree = "<group>"; };
		DB0D671B2846744100930564 /* ka */ = {isa = PBXFileReference; lastKnownFileType = text.plist.strings; name = ka; path = ka.lproj/Localizable.strings; sourceTree = "<group>"; };
		DB6B07C228450A380009397B /* animeal.app */ = {isa = PBXFileReference; explicitFileType = wrapper.application; includeInIndex = 0; path = animeal.app; sourceTree = BUILT_PRODUCTS_DIR; };
		DB6B07C528450A380009397B /* AppDelegate.swift */ = {isa = PBXFileReference; lastKnownFileType = sourcecode.swift; path = AppDelegate.swift; sourceTree = "<group>"; };
		DB6B07C728450A380009397B /* SceneDelegate.swift */ = {isa = PBXFileReference; lastKnownFileType = sourcecode.swift; path = SceneDelegate.swift; sourceTree = "<group>"; };
		DB6B07C928450A380009397B /* HomeViewController.swift */ = {isa = PBXFileReference; lastKnownFileType = sourcecode.swift; path = HomeViewController.swift; sourceTree = "<group>"; };
		DB6B07D128450A390009397B /* Base */ = {isa = PBXFileReference; lastKnownFileType = file.storyboard; name = Base; path = Base.lproj/LaunchScreen.storyboard; sourceTree = "<group>"; };
		DB6B07D328450A390009397B /* Info.plist */ = {isa = PBXFileReference; lastKnownFileType = text.plist.xml; path = Info.plist; sourceTree = "<group>"; };
		DB6B07D828450A3A0009397B /* animealTests.xctest */ = {isa = PBXFileReference; explicitFileType = wrapper.cfbundle; includeInIndex = 0; path = animealTests.xctest; sourceTree = BUILT_PRODUCTS_DIR; };
		DB6B07DC28450A3A0009397B /* AnimealTests.swift */ = {isa = PBXFileReference; lastKnownFileType = sourcecode.swift; path = AnimealTests.swift; sourceTree = "<group>"; };
		FB371CDF28476D1D007E6A08 /* animealStyle.app */ = {isa = PBXFileReference; explicitFileType = wrapper.application; includeInIndex = 0; path = animealStyle.app; sourceTree = BUILT_PRODUCTS_DIR; };
		FB371CE128476D1D007E6A08 /* AppDelegate.swift */ = {isa = PBXFileReference; lastKnownFileType = sourcecode.swift; path = AppDelegate.swift; sourceTree = "<group>"; };
		FB371CE328476D1D007E6A08 /* SceneDelegate.swift */ = {isa = PBXFileReference; lastKnownFileType = sourcecode.swift; path = SceneDelegate.swift; sourceTree = "<group>"; };
		FB371CE528476D1D007E6A08 /* MainViewController.swift */ = {isa = PBXFileReference; lastKnownFileType = sourcecode.swift; path = MainViewController.swift; sourceTree = "<group>"; };
		FB371CEA28476D1E007E6A08 /* Assets.xcassets */ = {isa = PBXFileReference; lastKnownFileType = folder.assetcatalog; path = Assets.xcassets; sourceTree = "<group>"; };
		FB371CED28476D1E007E6A08 /* Base */ = {isa = PBXFileReference; lastKnownFileType = file.storyboard; name = Base; path = Base.lproj/LaunchScreen.storyboard; sourceTree = "<group>"; };
		FB371CEF28476D1E007E6A08 /* Info.plist */ = {isa = PBXFileReference; lastKnownFileType = text.plist.xml; path = Info.plist; sourceTree = "<group>"; };
		FB371CF328476D6A007E6A08 /* UIComponents */ = {isa = PBXFileReference; lastKnownFileType = wrapper; path = UIComponents; sourceTree = "<group>"; };
		FB4313512848E3850084C21A /* Style */ = {isa = PBXFileReference; lastKnownFileType = wrapper; path = Style; sourceTree = "<group>"; };
/* End PBXFileReference section */

/* Begin PBXFrameworksBuildPhase section */
		DB6B07BF28450A380009397B /* Frameworks */ = {
			isa = PBXFrameworksBuildPhase;
			buildActionMask = 2147483647;
			files = (
				FB5E4A3F284770FE00679657 /* UIComponents in Frameworks */,
			);
			runOnlyForDeploymentPostprocessing = 0;
		};
		DB6B07D528450A3A0009397B /* Frameworks */ = {
			isa = PBXFrameworksBuildPhase;
			buildActionMask = 2147483647;
			files = (
			);
			runOnlyForDeploymentPostprocessing = 0;
		};
		FB371CDC28476D1D007E6A08 /* Frameworks */ = {
			isa = PBXFrameworksBuildPhase;
			buildActionMask = 2147483647;
			files = (
				FB5E4A3D28476EFB00679657 /* UIComponents in Frameworks */,
			);
			runOnlyForDeploymentPostprocessing = 0;
		};
/* End PBXFrameworksBuildPhase section */

/* Begin PBXGroup section */
		DB0D66BB2846676100930564 /* Common */ = {
			isa = PBXGroup;
			children = (
				DB0D66BE2846688500930564 /* Assets.swift */,
				DB0D671828466E7700930564 /* Strings.swift */,
			);
			path = Common;
			sourceTree = "<group>";
		};
		DB4CA51C28450FEE00050EA5 /* src */ = {
			isa = PBXGroup;
			children = (
				DB0D66BB2846676100930564 /* Common */,
				DB6B07C928450A380009397B /* HomeViewController.swift */,
			);
			path = src;
			sourceTree = "<group>";
		};
		DB4CA51D2845104900050EA5 /* res */ = {
			isa = PBXGroup;
			children = (
				DB0D671428466D6200930564 /* sheet.csv */,
				DB0D670C28466D6200930564 /* Localizable.strings */,
				DB6B07D028450A390009397B /* LaunchScreen.storyboard */,
				DB6B07D328450A390009397B /* Info.plist */,
				DB058D6E284646430064A21F /* Images.xcassets */,
				DB058D70284646530064A21F /* Colors.xcassets */,
			);
			path = res;
			sourceTree = "<group>";
		};
		DB6B07B928450A380009397B = {
			isa = PBXGroup;
			children = (
				FB4313512848E3850084C21A /* Style */,
				FB371CF328476D6A007E6A08 /* UIComponents */,
				DB6B07C428450A380009397B /* animeal */,
				DB6B07DB28450A3A0009397B /* animealTests */,
				FB371CE028476D1D007E6A08 /* animealStyle */,
				DB6B07C328450A380009397B /* Products */,
				FB5E4A3B28476EFB00679657 /* Frameworks */,
			);
			sourceTree = "<group>";
		};
		DB6B07C328450A380009397B /* Products */ = {
			isa = PBXGroup;
			children = (
				DB6B07C228450A380009397B /* animeal.app */,
				DB6B07D828450A3A0009397B /* animealTests.xctest */,
				FB371CDF28476D1D007E6A08 /* animealStyle.app */,
			);
			name = Products;
			sourceTree = "<group>";
		};
		DB6B07C428450A380009397B /* animeal */ = {
			isa = PBXGroup;
			children = (
				DB6B07C528450A380009397B /* AppDelegate.swift */,
				DB6B07C728450A380009397B /* SceneDelegate.swift */,
				DB4CA51C28450FEE00050EA5 /* src */,
				DB4CA51D2845104900050EA5 /* res */,
			);
			path = animeal;
			sourceTree = "<group>";
		};
		DB6B07DB28450A3A0009397B /* animealTests */ = {
			isa = PBXGroup;
			children = (
				DB6B07DC28450A3A0009397B /* AnimealTests.swift */,
			);
			path = animealTests;
			sourceTree = "<group>";
		};
		FB371CE028476D1D007E6A08 /* animealStyle */ = {
			isa = PBXGroup;
			children = (
				FB371CE128476D1D007E6A08 /* AppDelegate.swift */,
				FB371CE328476D1D007E6A08 /* SceneDelegate.swift */,
				FB371CE528476D1D007E6A08 /* MainViewController.swift */,
				FB371CEA28476D1E007E6A08 /* Assets.xcassets */,
				FB371CEC28476D1E007E6A08 /* LaunchScreen.storyboard */,
				FB371CEF28476D1E007E6A08 /* Info.plist */,
			);
			path = animealStyle;
			sourceTree = "<group>";
		};
		FB5E4A3B28476EFB00679657 /* Frameworks */ = {
			isa = PBXGroup;
			children = (
			);
			name = Frameworks;
			sourceTree = "<group>";
		};
/* End PBXGroup section */

/* Begin PBXNativeTarget section */
		DB6B07C128450A380009397B /* animeal */ = {
			isa = PBXNativeTarget;
			buildConfigurationList = DB6B07EC28450A3A0009397B /* Build configuration list for PBXNativeTarget "animeal" */;
			buildPhases = (
				DB6B07BE28450A380009397B /* Sources */,
				DB6B07BF28450A380009397B /* Frameworks */,
				DB6B07C028450A380009397B /* Resources */,
				DB0D671C284677C300930564 /* download localization .csv */,
				DB0D671A2846714D00930564 /* babelish */,
				DB058D61284642D60064A21F /* swiftgen */,
				DB4CA51E2845114E00050EA5 /* swiftlint */,
			);
			buildRules = (
			);
			dependencies = (
			);
			name = animeal;
			packageProductDependencies = (
				FB5E4A3E284770FE00679657 /* UIComponents */,
			);
			productName = animeal;
			productReference = DB6B07C228450A380009397B /* animeal.app */;
			productType = "com.apple.product-type.application";
		};
		DB6B07D728450A3A0009397B /* animealTests */ = {
			isa = PBXNativeTarget;
			buildConfigurationList = DB6B07EF28450A3A0009397B /* Build configuration list for PBXNativeTarget "animealTests" */;
			buildPhases = (
				DB6B07D428450A3A0009397B /* Sources */,
				DB6B07D528450A3A0009397B /* Frameworks */,
				DB6B07D628450A3A0009397B /* Resources */,
			);
			buildRules = (
			);
			dependencies = (
				DB6B07DA28450A3A0009397B /* PBXTargetDependency */,
			);
			name = animealTests;
			productName = animealTests;
			productReference = DB6B07D828450A3A0009397B /* animealTests.xctest */;
			productType = "com.apple.product-type.bundle.unit-test";
		};
		FB371CDE28476D1D007E6A08 /* animealStyle */ = {
			isa = PBXNativeTarget;
			buildConfigurationList = FB371CF228476D1E007E6A08 /* Build configuration list for PBXNativeTarget "animealStyle" */;
			buildPhases = (
				FB371CDB28476D1D007E6A08 /* Sources */,
				FB371CDC28476D1D007E6A08 /* Frameworks */,
				FB371CDD28476D1D007E6A08 /* Resources */,
			);
			buildRules = (
			);
			dependencies = (
			);
			name = animealStyle;
			packageProductDependencies = (
				FB5E4A3C28476EFB00679657 /* UIComponents */,
			);
			productName = animealStyle;
			productReference = FB371CDF28476D1D007E6A08 /* animealStyle.app */;
			productType = "com.apple.product-type.application";
		};
/* End PBXNativeTarget section */

/* Begin PBXProject section */
		DB6B07BA28450A380009397B /* Project object */ = {
			isa = PBXProject;
			attributes = {
				BuildIndependentTargetsInParallel = 1;
				LastSwiftUpdateCheck = 1330;
				LastUpgradeCheck = 1320;
				TargetAttributes = {
					DB6B07C128450A380009397B = {
						CreatedOnToolsVersion = 13.2.1;
					};
					DB6B07D728450A3A0009397B = {
						CreatedOnToolsVersion = 13.2.1;
						TestTargetID = DB6B07C128450A380009397B;
					};
					FB371CDE28476D1D007E6A08 = {
						CreatedOnToolsVersion = 13.3.1;
					};
				};
			};
			buildConfigurationList = DB6B07BD28450A380009397B /* Build configuration list for PBXProject "animeal" */;
			compatibilityVersion = "Xcode 13.0";
			developmentRegion = en;
			hasScannedForEncodings = 0;
			knownRegions = (
				en,
				Base,
				ru,
				ka,
			);
			mainGroup = DB6B07B928450A380009397B;
			productRefGroup = DB6B07C328450A380009397B /* Products */;
			projectDirPath = "";
			projectRoot = "";
			targets = (
				DB6B07C128450A380009397B /* animeal */,
				DB6B07D728450A3A0009397B /* animealTests */,
				FB371CDE28476D1D007E6A08 /* animealStyle */,
			);
		};
/* End PBXProject section */

/* Begin PBXResourcesBuildPhase section */
		DB6B07C028450A380009397B /* Resources */ = {
			isa = PBXResourcesBuildPhase;
			buildActionMask = 2147483647;
			files = (
				DB058D6F284646430064A21F /* Images.xcassets in Resources */,
				DB0D671528466D6200930564 /* Localizable.strings in Resources */,
				DB6B07D228450A390009397B /* LaunchScreen.storyboard in Resources */,
				DB0D671728466D6200930564 /* sheet.csv in Resources */,
				DB058D71284646530064A21F /* Colors.xcassets in Resources */,
			);
			runOnlyForDeploymentPostprocessing = 0;
		};
		DB6B07D628450A3A0009397B /* Resources */ = {
			isa = PBXResourcesBuildPhase;
			buildActionMask = 2147483647;
			files = (
			);
			runOnlyForDeploymentPostprocessing = 0;
		};
		FB371CDD28476D1D007E6A08 /* Resources */ = {
			isa = PBXResourcesBuildPhase;
			buildActionMask = 2147483647;
			files = (
				FB371CEE28476D1E007E6A08 /* LaunchScreen.storyboard in Resources */,
				FB371CEB28476D1E007E6A08 /* Assets.xcassets in Resources */,
			);
			runOnlyForDeploymentPostprocessing = 0;
		};
/* End PBXResourcesBuildPhase section */

/* Begin PBXShellScriptBuildPhase section */
		DB058D61284642D60064A21F /* swiftgen */ = {
			isa = PBXShellScriptBuildPhase;
			buildActionMask = 2147483647;
			files = (
			);
			inputFileListPaths = (
			);
			inputPaths = (
			);
			name = swiftgen;
			outputFileListPaths = (
			);
			outputPaths = (
			);
			runOnlyForDeploymentPostprocessing = 0;
			shellPath = /bin/sh;
			shellScript = "if which swiftgen >/dev/null; then\n    swiftgen\nelse\n  echo \"warning: SwiftGen not installed, download it from https://github.com/SwiftGen/SwiftGen\"\nfi\n";
		};
		DB0D671A2846714D00930564 /* babelish */ = {
			isa = PBXShellScriptBuildPhase;
			buildActionMask = 2147483647;
			files = (
			);
			inputFileListPaths = (
			);
			inputPaths = (
			);
			name = babelish;
			outputFileListPaths = (
			);
			outputPaths = (
			);
			runOnlyForDeploymentPostprocessing = 0;
			shellPath = /bin/sh;
			shellScript = "export LANG=en_US.UTF-8\ncd ${PROJECT_DIR}/animeal/res/\nbundle exec babelish csv2strings --filename sheet.csv --langs English:en Russian:ru Georgian:ka\n";
		};
		DB0D671C284677C300930564 /* download localization .csv */ = {
			isa = PBXShellScriptBuildPhase;
			buildActionMask = 2147483647;
			files = (
			);
			inputFileListPaths = (
			);
			inputPaths = (
			);
			name = "download localization .csv";
			outputFileListPaths = (
			);
			outputPaths = (
			);
			runOnlyForDeploymentPostprocessing = 0;
			shellPath = /bin/sh;
			shellScript = "export LANG=en_US.UTF-8\nCSV_LINK=\"https://docs.google.com/spreadsheets/d/1yBbmWHkfT8ElZEy0Xz2Hk8yHRdsKN_Uo3l8S9QdiRH8/gviz/tq?tqx=out:csv&sheet=Sheet1\"\n\nTYPE=$(curl -sI \"$CSV_LINK\" -w '%{content_type}' -o /dev/null)\nif [[ \"$TYPE\" = \"text/csv\"* ]]\nthen\n    curl $CSV_LINK -o ${SRCROOT}/animeal/res/sheet.csv\nelse\n    echo $TYPE\n    echo \"Content type is not CSV, invalid URL\"\n    exit 1\nfi\n";
		};
		DB4CA51E2845114E00050EA5 /* swiftlint */ = {
			isa = PBXShellScriptBuildPhase;
			buildActionMask = 2147483647;
			files = (
			);
			inputFileListPaths = (
			);
			inputPaths = (
			);
			name = swiftlint;
			outputFileListPaths = (
			);
			outputPaths = (
			);
			runOnlyForDeploymentPostprocessing = 0;
			shellPath = /bin/sh;
			shellScript = "if which swiftlint >/dev/null; then\n  swiftlint lint --config \"${PROJECT_DIR}/.swiftlint.yml\"\nelse\n  echo \"warning: SwiftLint not installed, download from https://github.com/realm/SwiftLint\"\nfi\n";
		};
/* End PBXShellScriptBuildPhase section */

/* Begin PBXSourcesBuildPhase section */
		DB6B07BE28450A380009397B /* Sources */ = {
			isa = PBXSourcesBuildPhase;
			buildActionMask = 2147483647;
			files = (
				DB6B07CA28450A380009397B /* HomeViewController.swift in Sources */,
				DB6B07C628450A380009397B /* AppDelegate.swift in Sources */,
				DB0D671928466E7700930564 /* Strings.swift in Sources */,
				DB0D66BF2846688500930564 /* Assets.swift in Sources */,
				DB6B07C828450A380009397B /* SceneDelegate.swift in Sources */,
			);
			runOnlyForDeploymentPostprocessing = 0;
		};
		DB6B07D428450A3A0009397B /* Sources */ = {
			isa = PBXSourcesBuildPhase;
			buildActionMask = 2147483647;
			files = (
				DB6B07DD28450A3A0009397B /* AnimealTests.swift in Sources */,
			);
			runOnlyForDeploymentPostprocessing = 0;
		};
		FB371CDB28476D1D007E6A08 /* Sources */ = {
			isa = PBXSourcesBuildPhase;
			buildActionMask = 2147483647;
			files = (
				FB371CE628476D1D007E6A08 /* MainViewController.swift in Sources */,
				FB371CE228476D1D007E6A08 /* AppDelegate.swift in Sources */,
				FB371CE428476D1D007E6A08 /* SceneDelegate.swift in Sources */,
			);
			runOnlyForDeploymentPostprocessing = 0;
		};
/* End PBXSourcesBuildPhase section */

/* Begin PBXTargetDependency section */
		DB6B07DA28450A3A0009397B /* PBXTargetDependency */ = {
			isa = PBXTargetDependency;
			target = DB6B07C128450A380009397B /* animeal */;
			targetProxy = DB6B07D928450A3A0009397B /* PBXContainerItemProxy */;
		};
/* End PBXTargetDependency section */

/* Begin PBXVariantGroup section */
		DB0D670C28466D6200930564 /* Localizable.strings */ = {
			isa = PBXVariantGroup;
			children = (
				DB0D670D28466D6200930564 /* en */,
				DB0D671228466D6200930564 /* ru */,
				DB0D671B2846744100930564 /* ka */,
			);
			name = Localizable.strings;
			sourceTree = "<group>";
		};
		DB6B07D028450A390009397B /* LaunchScreen.storyboard */ = {
			isa = PBXVariantGroup;
			children = (
				DB6B07D128450A390009397B /* Base */,
			);
			name = LaunchScreen.storyboard;
			sourceTree = "<group>";
		};
		FB371CEC28476D1E007E6A08 /* LaunchScreen.storyboard */ = {
			isa = PBXVariantGroup;
			children = (
				FB371CED28476D1E007E6A08 /* Base */,
			);
			name = LaunchScreen.storyboard;
			sourceTree = "<group>";
		};
/* End PBXVariantGroup section */

/* Begin XCBuildConfiguration section */
		DB6B07EA28450A3A0009397B /* Debug */ = {
			isa = XCBuildConfiguration;
			buildSettings = {
				ALWAYS_SEARCH_USER_PATHS = NO;
				CLANG_ANALYZER_NONNULL = YES;
				CLANG_ANALYZER_NUMBER_OBJECT_CONVERSION = YES_AGGRESSIVE;
				CLANG_CXX_LANGUAGE_STANDARD = "gnu++17";
				CLANG_CXX_LIBRARY = "libc++";
				CLANG_ENABLE_MODULES = YES;
				CLANG_ENABLE_OBJC_ARC = YES;
				CLANG_ENABLE_OBJC_WEAK = YES;
				CLANG_WARN_BLOCK_CAPTURE_AUTORELEASING = YES;
				CLANG_WARN_BOOL_CONVERSION = YES;
				CLANG_WARN_COMMA = YES;
				CLANG_WARN_CONSTANT_CONVERSION = YES;
				CLANG_WARN_DEPRECATED_OBJC_IMPLEMENTATIONS = YES;
				CLANG_WARN_DIRECT_OBJC_ISA_USAGE = YES_ERROR;
				CLANG_WARN_DOCUMENTATION_COMMENTS = YES;
				CLANG_WARN_EMPTY_BODY = YES;
				CLANG_WARN_ENUM_CONVERSION = YES;
				CLANG_WARN_INFINITE_RECURSION = YES;
				CLANG_WARN_INT_CONVERSION = YES;
				CLANG_WARN_NON_LITERAL_NULL_CONVERSION = YES;
				CLANG_WARN_OBJC_IMPLICIT_RETAIN_SELF = YES;
				CLANG_WARN_OBJC_LITERAL_CONVERSION = YES;
				CLANG_WARN_OBJC_ROOT_CLASS = YES_ERROR;
				CLANG_WARN_QUOTED_INCLUDE_IN_FRAMEWORK_HEADER = YES;
				CLANG_WARN_RANGE_LOOP_ANALYSIS = YES;
				CLANG_WARN_STRICT_PROTOTYPES = YES;
				CLANG_WARN_SUSPICIOUS_MOVE = YES;
				CLANG_WARN_UNGUARDED_AVAILABILITY = YES_AGGRESSIVE;
				CLANG_WARN_UNREACHABLE_CODE = YES;
				CLANG_WARN__DUPLICATE_METHOD_MATCH = YES;
				COPY_PHASE_STRIP = NO;
				DEBUG_INFORMATION_FORMAT = dwarf;
				ENABLE_STRICT_OBJC_MSGSEND = YES;
				ENABLE_TESTABILITY = YES;
				GCC_C_LANGUAGE_STANDARD = gnu11;
				GCC_DYNAMIC_NO_PIC = NO;
				GCC_NO_COMMON_BLOCKS = YES;
				GCC_OPTIMIZATION_LEVEL = 0;
				GCC_PREPROCESSOR_DEFINITIONS = (
					"DEBUG=1",
					"$(inherited)",
				);
				GCC_WARN_64_TO_32_BIT_CONVERSION = YES;
				GCC_WARN_ABOUT_RETURN_TYPE = YES_ERROR;
				GCC_WARN_UNDECLARED_SELECTOR = YES;
				GCC_WARN_UNINITIALIZED_AUTOS = YES_AGGRESSIVE;
				GCC_WARN_UNUSED_FUNCTION = YES;
				GCC_WARN_UNUSED_VARIABLE = YES;
				IPHONEOS_DEPLOYMENT_TARGET = 14.0;
				MTL_ENABLE_DEBUG_INFO = INCLUDE_SOURCE;
				MTL_FAST_MATH = YES;
				ONLY_ACTIVE_ARCH = YES;
				SDKROOT = iphoneos;
				SWIFT_ACTIVE_COMPILATION_CONDITIONS = DEBUG;
				SWIFT_OPTIMIZATION_LEVEL = "-Onone";
			};
			name = Debug;
		};
		DB6B07EB28450A3A0009397B /* Release */ = {
			isa = XCBuildConfiguration;
			buildSettings = {
				ALWAYS_SEARCH_USER_PATHS = NO;
				CLANG_ANALYZER_NONNULL = YES;
				CLANG_ANALYZER_NUMBER_OBJECT_CONVERSION = YES_AGGRESSIVE;
				CLANG_CXX_LANGUAGE_STANDARD = "gnu++17";
				CLANG_CXX_LIBRARY = "libc++";
				CLANG_ENABLE_MODULES = YES;
				CLANG_ENABLE_OBJC_ARC = YES;
				CLANG_ENABLE_OBJC_WEAK = YES;
				CLANG_WARN_BLOCK_CAPTURE_AUTORELEASING = YES;
				CLANG_WARN_BOOL_CONVERSION = YES;
				CLANG_WARN_COMMA = YES;
				CLANG_WARN_CONSTANT_CONVERSION = YES;
				CLANG_WARN_DEPRECATED_OBJC_IMPLEMENTATIONS = YES;
				CLANG_WARN_DIRECT_OBJC_ISA_USAGE = YES_ERROR;
				CLANG_WARN_DOCUMENTATION_COMMENTS = YES;
				CLANG_WARN_EMPTY_BODY = YES;
				CLANG_WARN_ENUM_CONVERSION = YES;
				CLANG_WARN_INFINITE_RECURSION = YES;
				CLANG_WARN_INT_CONVERSION = YES;
				CLANG_WARN_NON_LITERAL_NULL_CONVERSION = YES;
				CLANG_WARN_OBJC_IMPLICIT_RETAIN_SELF = YES;
				CLANG_WARN_OBJC_LITERAL_CONVERSION = YES;
				CLANG_WARN_OBJC_ROOT_CLASS = YES_ERROR;
				CLANG_WARN_QUOTED_INCLUDE_IN_FRAMEWORK_HEADER = YES;
				CLANG_WARN_RANGE_LOOP_ANALYSIS = YES;
				CLANG_WARN_STRICT_PROTOTYPES = YES;
				CLANG_WARN_SUSPICIOUS_MOVE = YES;
				CLANG_WARN_UNGUARDED_AVAILABILITY = YES_AGGRESSIVE;
				CLANG_WARN_UNREACHABLE_CODE = YES;
				CLANG_WARN__DUPLICATE_METHOD_MATCH = YES;
				COPY_PHASE_STRIP = NO;
				DEBUG_INFORMATION_FORMAT = "dwarf-with-dsym";
				ENABLE_NS_ASSERTIONS = NO;
				ENABLE_STRICT_OBJC_MSGSEND = YES;
				GCC_C_LANGUAGE_STANDARD = gnu11;
				GCC_NO_COMMON_BLOCKS = YES;
				GCC_WARN_64_TO_32_BIT_CONVERSION = YES;
				GCC_WARN_ABOUT_RETURN_TYPE = YES_ERROR;
				GCC_WARN_UNDECLARED_SELECTOR = YES;
				GCC_WARN_UNINITIALIZED_AUTOS = YES_AGGRESSIVE;
				GCC_WARN_UNUSED_FUNCTION = YES;
				GCC_WARN_UNUSED_VARIABLE = YES;
				IPHONEOS_DEPLOYMENT_TARGET = 14.0;
				MTL_ENABLE_DEBUG_INFO = NO;
				MTL_FAST_MATH = YES;
				SDKROOT = iphoneos;
				SWIFT_COMPILATION_MODE = wholemodule;
				SWIFT_OPTIMIZATION_LEVEL = "-O";
				VALIDATE_PRODUCT = YES;
			};
			name = Release;
		};
		DB6B07ED28450A3A0009397B /* Debug */ = {
			isa = XCBuildConfiguration;
			buildSettings = {
				ASSETCATALOG_COMPILER_APPICON_NAME = AppIcon;
				ASSETCATALOG_COMPILER_GLOBAL_ACCENT_COLOR_NAME = AccentColor;
				CODE_SIGN_STYLE = Automatic;
				CURRENT_PROJECT_VERSION = 1;
				DEVELOPMENT_TEAM = 2GBFVLY769;
				GENERATE_INFOPLIST_FILE = YES;
				INFOPLIST_FILE = animeal/res/Info.plist;
				INFOPLIST_KEY_UIApplicationSupportsIndirectInputEvents = YES;
				INFOPLIST_KEY_UILaunchStoryboardName = LaunchScreen;
				INFOPLIST_KEY_UIMainStoryboardFile = LaunchScreen;
				INFOPLIST_KEY_UISupportedInterfaceOrientations = UIInterfaceOrientationPortrait;
				INFOPLIST_KEY_UISupportedInterfaceOrientations_iPad = "UIInterfaceOrientationPortrait UIInterfaceOrientationPortraitUpsideDown UIInterfaceOrientationLandscapeLeft UIInterfaceOrientationLandscapeRight";
				INFOPLIST_KEY_UISupportedInterfaceOrientations_iPhone = "UIInterfaceOrientationPortrait UIInterfaceOrientationLandscapeLeft UIInterfaceOrientationLandscapeRight";
				IPHONEOS_DEPLOYMENT_TARGET = 14.0;
				LD_RUNPATH_SEARCH_PATHS = (
					"$(inherited)",
					"@executable_path/Frameworks",
				);
				MARKETING_VERSION = 0.1;
				PRODUCT_BUNDLE_IDENTIFIER = com.epmedu.animeal;
				PRODUCT_NAME = "$(TARGET_NAME)";
				SWIFT_EMIT_LOC_STRINGS = YES;
				SWIFT_VERSION = 5.0;
				TARGETED_DEVICE_FAMILY = 1;
			};
			name = Debug;
		};
		DB6B07EE28450A3A0009397B /* Release */ = {
			isa = XCBuildConfiguration;
			buildSettings = {
				ASSETCATALOG_COMPILER_APPICON_NAME = AppIcon;
				ASSETCATALOG_COMPILER_GLOBAL_ACCENT_COLOR_NAME = AccentColor;
				CODE_SIGN_STYLE = Automatic;
				CURRENT_PROJECT_VERSION = 1;
				DEVELOPMENT_TEAM = 2GBFVLY769;
				GENERATE_INFOPLIST_FILE = YES;
				INFOPLIST_FILE = animeal/res/Info.plist;
				INFOPLIST_KEY_UIApplicationSupportsIndirectInputEvents = YES;
				INFOPLIST_KEY_UILaunchStoryboardName = LaunchScreen;
				INFOPLIST_KEY_UIMainStoryboardFile = LaunchScreen;
				INFOPLIST_KEY_UISupportedInterfaceOrientations = UIInterfaceOrientationPortrait;
				INFOPLIST_KEY_UISupportedInterfaceOrientations_iPad = "UIInterfaceOrientationPortrait UIInterfaceOrientationPortraitUpsideDown UIInterfaceOrientationLandscapeLeft UIInterfaceOrientationLandscapeRight";
				INFOPLIST_KEY_UISupportedInterfaceOrientations_iPhone = "UIInterfaceOrientationPortrait UIInterfaceOrientationLandscapeLeft UIInterfaceOrientationLandscapeRight";
				IPHONEOS_DEPLOYMENT_TARGET = 14.0;
				LD_RUNPATH_SEARCH_PATHS = (
					"$(inherited)",
					"@executable_path/Frameworks",
				);
				MARKETING_VERSION = 0.1;
				PRODUCT_BUNDLE_IDENTIFIER = com.epmedu.animeal;
				PRODUCT_NAME = "$(TARGET_NAME)";
				SWIFT_EMIT_LOC_STRINGS = YES;
				SWIFT_VERSION = 5.0;
				TARGETED_DEVICE_FAMILY = 1;
			};
			name = Release;
		};
		DB6B07F028450A3A0009397B /* Debug */ = {
			isa = XCBuildConfiguration;
			buildSettings = {
				ALWAYS_EMBED_SWIFT_STANDARD_LIBRARIES = YES;
				BUNDLE_LOADER = "$(TEST_HOST)";
				CODE_SIGN_STYLE = Automatic;
				CURRENT_PROJECT_VERSION = 1;
				DEVELOPMENT_TEAM = 2GBFVLY769;
				GENERATE_INFOPLIST_FILE = YES;
				IPHONEOS_DEPLOYMENT_TARGET = 15.2;
				MARKETING_VERSION = 1.0;
				PRODUCT_BUNDLE_IDENTIFIER = com.epmedu.animealTests;
				PRODUCT_NAME = "$(TARGET_NAME)";
				SWIFT_EMIT_LOC_STRINGS = NO;
				SWIFT_VERSION = 5.0;
				TARGETED_DEVICE_FAMILY = "1,2";
				TEST_HOST = "$(BUILT_PRODUCTS_DIR)/animeal.app/animeal";
			};
			name = Debug;
		};
		DB6B07F128450A3A0009397B /* Release */ = {
			isa = XCBuildConfiguration;
			buildSettings = {
				ALWAYS_EMBED_SWIFT_STANDARD_LIBRARIES = YES;
				BUNDLE_LOADER = "$(TEST_HOST)";
				CODE_SIGN_STYLE = Automatic;
				CURRENT_PROJECT_VERSION = 1;
				DEVELOPMENT_TEAM = 2GBFVLY769;
				GENERATE_INFOPLIST_FILE = YES;
				IPHONEOS_DEPLOYMENT_TARGET = 15.2;
				MARKETING_VERSION = 1.0;
				PRODUCT_BUNDLE_IDENTIFIER = com.epmedu.animealTests;
				PRODUCT_NAME = "$(TARGET_NAME)";
				SWIFT_EMIT_LOC_STRINGS = NO;
				SWIFT_VERSION = 5.0;
				TARGETED_DEVICE_FAMILY = "1,2";
				TEST_HOST = "$(BUILT_PRODUCTS_DIR)/animeal.app/animeal";
			};
			name = Release;
		};
		FB371CF028476D1E007E6A08 /* Debug */ = {
			isa = XCBuildConfiguration;
			buildSettings = {
				ASSETCATALOG_COMPILER_APPICON_NAME = AppIcon;
				ASSETCATALOG_COMPILER_GLOBAL_ACCENT_COLOR_NAME = AccentColor;
				CODE_SIGN_STYLE = Automatic;
				CURRENT_PROJECT_VERSION = 1;
				DEVELOPMENT_TEAM = 53APD5F9YQ;
				GENERATE_INFOPLIST_FILE = YES;
				INFOPLIST_FILE = animealStyle/Info.plist;
				INFOPLIST_KEY_UIApplicationSupportsIndirectInputEvents = YES;
				INFOPLIST_KEY_UILaunchStoryboardName = LaunchScreen;
				INFOPLIST_KEY_UIMainStoryboardFile = LaunchScreen;
				INFOPLIST_KEY_UISupportedInterfaceOrientations = UIInterfaceOrientationPortrait;
				INFOPLIST_KEY_UISupportedInterfaceOrientations_iPad = "UIInterfaceOrientationPortrait UIInterfaceOrientationPortraitUpsideDown UIInterfaceOrientationLandscapeLeft UIInterfaceOrientationLandscapeRight";
				INFOPLIST_KEY_UISupportedInterfaceOrientations_iPhone = "UIInterfaceOrientationPortrait UIInterfaceOrientationLandscapeLeft UIInterfaceOrientationLandscapeRight";
				IPHONEOS_DEPLOYMENT_TARGET = 14.0;
				LD_RUNPATH_SEARCH_PATHS = (
					"$(inherited)",
					"@executable_path/Frameworks",
				);
				MARKETING_VERSION = 1.0;
				PRODUCT_BUNDLE_IDENTIFIER = com.epmedu.animeal.style;
				PRODUCT_NAME = "$(TARGET_NAME)";
				SWIFT_EMIT_LOC_STRINGS = YES;
				SWIFT_VERSION = 5.0;
				TARGETED_DEVICE_FAMILY = 1;
			};
			name = Debug;
		};
		FB371CF128476D1E007E6A08 /* Release */ = {
			isa = XCBuildConfiguration;
			buildSettings = {
				ASSETCATALOG_COMPILER_APPICON_NAME = AppIcon;
				ASSETCATALOG_COMPILER_GLOBAL_ACCENT_COLOR_NAME = AccentColor;
				CODE_SIGN_STYLE = Automatic;
				CURRENT_PROJECT_VERSION = 1;
				DEVELOPMENT_TEAM = 53APD5F9YQ;
				GENERATE_INFOPLIST_FILE = YES;
				INFOPLIST_FILE = animealStyle/Info.plist;
				INFOPLIST_KEY_UIApplicationSupportsIndirectInputEvents = YES;
				INFOPLIST_KEY_UILaunchStoryboardName = LaunchScreen;
				INFOPLIST_KEY_UIMainStoryboardFile = LaunchScreen;
				INFOPLIST_KEY_UISupportedInterfaceOrientations = UIInterfaceOrientationPortrait;
				INFOPLIST_KEY_UISupportedInterfaceOrientations_iPad = "UIInterfaceOrientationPortrait UIInterfaceOrientationPortraitUpsideDown UIInterfaceOrientationLandscapeLeft UIInterfaceOrientationLandscapeRight";
				INFOPLIST_KEY_UISupportedInterfaceOrientations_iPhone = "UIInterfaceOrientationPortrait UIInterfaceOrientationLandscapeLeft UIInterfaceOrientationLandscapeRight";
				IPHONEOS_DEPLOYMENT_TARGET = 14.0;
				LD_RUNPATH_SEARCH_PATHS = (
					"$(inherited)",
					"@executable_path/Frameworks",
				);
				MARKETING_VERSION = 1.0;
				PRODUCT_BUNDLE_IDENTIFIER = com.epmedu.animeal.style;
				PRODUCT_NAME = "$(TARGET_NAME)";
				SWIFT_EMIT_LOC_STRINGS = YES;
				SWIFT_VERSION = 5.0;
				TARGETED_DEVICE_FAMILY = 1;
			};
			name = Release;
		};
/* End XCBuildConfiguration section */

/* Begin XCConfigurationList section */
		DB6B07BD28450A380009397B /* Build configuration list for PBXProject "animeal" */ = {
			isa = XCConfigurationList;
			buildConfigurations = (
				DB6B07EA28450A3A0009397B /* Debug */,
				DB6B07EB28450A3A0009397B /* Release */,
			);
			defaultConfigurationIsVisible = 0;
			defaultConfigurationName = Release;
		};
		DB6B07EC28450A3A0009397B /* Build configuration list for PBXNativeTarget "animeal" */ = {
			isa = XCConfigurationList;
			buildConfigurations = (
				DB6B07ED28450A3A0009397B /* Debug */,
				DB6B07EE28450A3A0009397B /* Release */,
			);
			defaultConfigurationIsVisible = 0;
			defaultConfigurationName = Release;
		};
		DB6B07EF28450A3A0009397B /* Build configuration list for PBXNativeTarget "animealTests" */ = {
			isa = XCConfigurationList;
			buildConfigurations = (
				DB6B07F028450A3A0009397B /* Debug */,
				DB6B07F128450A3A0009397B /* Release */,
			);
			defaultConfigurationIsVisible = 0;
			defaultConfigurationName = Release;
		};
		FB371CF228476D1E007E6A08 /* Build configuration list for PBXNativeTarget "animealStyle" */ = {
			isa = XCConfigurationList;
			buildConfigurations = (
				FB371CF028476D1E007E6A08 /* Debug */,
				FB371CF128476D1E007E6A08 /* Release */,
			);
			defaultConfigurationIsVisible = 0;
			defaultConfigurationName = Release;
		};
/* End XCConfigurationList section */

/* Begin XCSwiftPackageProductDependency section */
		FB5E4A3C28476EFB00679657 /* UIComponents */ = {
			isa = XCSwiftPackageProductDependency;
			productName = UIComponents;
		};
		FB5E4A3E284770FE00679657 /* UIComponents */ = {
			isa = XCSwiftPackageProductDependency;
			productName = UIComponents;
		};
/* End XCSwiftPackageProductDependency section */
	};
	rootObject = DB6B07BA28450A380009397B /* Project object */;
}
