// !$*UTF8*$!
{
	archiveVersion = 1;
	classes = {
	};
	objectVersion = 55;
	objects = {

/* Begin PBXBuildFile section */
		0028E02D831362905A72161A /* PetI18n+Schema.swift in Sources */ = {isa = PBXBuildFile; fileRef = 4F398578873094410FA6219F /* PetI18n+Schema.swift */; };
		08C2EF7A223B33F0D0B2DC15 /* Caretaker.swift in Sources */ = {isa = PBXBuildFile; fileRef = 832B4C337074B295E887E7E6 /* Caretaker.swift */; };
		0DC1E70297860089B4FC9074 /* LanguagesSetting.swift in Sources */ = {isa = PBXBuildFile; fileRef = E1877F1460B58C5A5A0F72E5 /* LanguagesSetting.swift */; };
		0DC7F17C09E9C3EA296C308D /* Point+Schema.swift in Sources */ = {isa = PBXBuildFile; fileRef = 191D8CFF0903D9FAFD029EDD /* Point+Schema.swift */; };
		11B8413D8AEA96EA29A0FF17 /* Pet.swift in Sources */ = {isa = PBXBuildFile; fileRef = DEFE643B8BEBAC315C0A9518 /* Pet.swift */; };
		14AB2108BFE313718FA8AF13 /* FeedingPoint+Schema.swift in Sources */ = {isa = PBXBuildFile; fileRef = C5A3F3180005C29FF765CAC8 /* FeedingPoint+Schema.swift */; };
		15EAA597F39959DC3C622A81 /* Category.swift in Sources */ = {isa = PBXBuildFile; fileRef = C45B7650A014076E116C8BD5 /* Category.swift */; };
		1EE4E0FF2FF2EEB607AEC220 /* MedicationI18n+Schema.swift in Sources */ = {isa = PBXBuildFile; fileRef = E423FC6DE22260CD3829A2BE /* MedicationI18n+Schema.swift */; };
		1F6824D22EE9243547B83894 /* Pet+Schema.swift in Sources */ = {isa = PBXBuildFile; fileRef = 526788734ABC76D2329D30A7 /* Pet+Schema.swift */; };
		1F770667D42E31D263AE67AB /* RelationPetFeedingPoint+Schema.swift in Sources */ = {isa = PBXBuildFile; fileRef = 12E8D4947DDBC6278B003F58 /* RelationPetFeedingPoint+Schema.swift */; };
		47EF15E3C330DD9F407C5F35 /* MedicationI18n.swift in Sources */ = {isa = PBXBuildFile; fileRef = B5AFDE474C170447B1CA322E /* MedicationI18n.swift */; };
		4C682BBEC221AEFF0609E936 /* Favourites.swift in Sources */ = {isa = PBXBuildFile; fileRef = D5F69DAC34ED36AD10ABB6FD /* Favourites.swift */; };
		55C7A18C565F680A28DBA276 /* FeedingPointConnection.swift in Sources */ = {isa = PBXBuildFile; fileRef = A599E2C6DF76CD81C5AD66D9 /* FeedingPointConnection.swift */; };
		5A9A8F2E45405A7C20E2970E /* Language+Schema.swift in Sources */ = {isa = PBXBuildFile; fileRef = 8CD69A6F89E3BC60EA232408 /* Language+Schema.swift */; };
		655B7A9CC4DC0177ED3A03DE /* FeedingStatus.swift in Sources */ = {isa = PBXBuildFile; fileRef = B3FD88DC75911C04106149D6 /* FeedingStatus.swift */; };
		6826AB850FFAF4CC13D042F3 /* PetI18n.swift in Sources */ = {isa = PBXBuildFile; fileRef = 2B430631AEB7F77155F5652D /* PetI18n.swift */; };
		68EBA811759F197EE338048C /* RelationUserPet.swift in Sources */ = {isa = PBXBuildFile; fileRef = 15604A445EC1B413F5D540DD /* RelationUserPet.swift */; };
		704192811E47C576AE584354 /* Favourites+Schema.swift in Sources */ = {isa = PBXBuildFile; fileRef = D6AFDBF0B00B11A2E29B8944 /* Favourites+Schema.swift */; };
		715F8D7B404E4EECCD15081A /* Location.swift in Sources */ = {isa = PBXBuildFile; fileRef = 8F4A7CF4F0C1D848CC47A162 /* Location.swift */; };
		74DE171718857E1BDAA82A57 /* RelationUserFeedingPoint+Schema.swift in Sources */ = {isa = PBXBuildFile; fileRef = F51C75C31E8D0F3CD7FEA2BB /* RelationUserFeedingPoint+Schema.swift */; };
		8360D1A3284E954900ACDEDB /* LoginModelOnboardingStep.swift in Sources */ = {isa = PBXBuildFile; fileRef = 8360D1A2284E954900ACDEDB /* LoginModelOnboardingStep.swift */; };
		8360D1A5284E964D00ACDEDB /* LoginViewActionMapper.swift in Sources */ = {isa = PBXBuildFile; fileRef = 8360D1A4284E964D00ACDEDB /* LoginViewActionMapper.swift */; };
		8360D1A7284E98FA00ACDEDB /* LoginViewOnboardingStepsMapper.swift in Sources */ = {isa = PBXBuildFile; fileRef = 8360D1A6284E98FA00ACDEDB /* LoginViewOnboardingStepsMapper.swift */; };
		8360D1A9284E9A9600ACDEDB /* LoginViewOnboardingStep.swift in Sources */ = {isa = PBXBuildFile; fileRef = 8360D1A8284E9A9600ACDEDB /* LoginViewOnboardingStep.swift */; };
		8360D1AB284E9EBD00ACDEDB /* LoginViewAction+ButtonViewModel.swift in Sources */ = {isa = PBXBuildFile; fileRef = 8360D1AA284E9EBD00ACDEDB /* LoginViewAction+ButtonViewModel.swift */; };
		8360D1AD284E9FF400ACDEDB /* LoginViewOnboardingStep+OnboardingViewStep.swift in Sources */ = {isa = PBXBuildFile; fileRef = 8360D1AC284E9FF400ACDEDB /* LoginViewOnboardingStep+OnboardingViewStep.swift */; };
		8360D1AF284F2A5E00ACDEDB /* LoginViewActionEvent.swift in Sources */ = {isa = PBXBuildFile; fileRef = 8360D1AE284F2A5E00ACDEDB /* LoginViewActionEvent.swift */; };
		839E2742284A33490040142A /* AWSAPIPlugin in Frameworks */ = {isa = PBXBuildFile; productRef = 839E2741284A33490040142A /* AWSAPIPlugin */; };
		839E2744284A33490040142A /* AWSCognitoAuthPlugin in Frameworks */ = {isa = PBXBuildFile; productRef = 839E2743284A33490040142A /* AWSCognitoAuthPlugin */; };
		839E2746284A33490040142A /* AWSDataStorePlugin in Frameworks */ = {isa = PBXBuildFile; productRef = 839E2745284A33490040142A /* AWSDataStorePlugin */; };
		839E2748284A33490040142A /* AWSLocationGeoPlugin in Frameworks */ = {isa = PBXBuildFile; productRef = 839E2747284A33490040142A /* AWSLocationGeoPlugin */; };
		839E274A284A33490040142A /* Amplify in Frameworks */ = {isa = PBXBuildFile; productRef = 839E2749284A33490040142A /* Amplify */; };
		839E274C284A33CA0040142A /* amplifyconfiguration.json in Resources */ = {isa = PBXBuildFile; fileRef = 839E274B284A33CA0040142A /* amplifyconfiguration.json */; };
		839E274E284A33DD0040142A /* awsconfiguration.json in Resources */ = {isa = PBXBuildFile; fileRef = 839E274D284A33DD0040142A /* awsconfiguration.json */; };
		83F3CC0E2847704300C05298 /* LoginViewController.swift in Sources */ = {isa = PBXBuildFile; fileRef = 83F3CC0D2847704300C05298 /* LoginViewController.swift */; };
		83F3CC102847713400C05298 /* LoginViewModel.swift in Sources */ = {isa = PBXBuildFile; fileRef = 83F3CC0F2847713400C05298 /* LoginViewModel.swift */; };
		83F3CC12284771CA00C05298 /* LoginAssembler.swift in Sources */ = {isa = PBXBuildFile; fileRef = 83F3CC11284771CA00C05298 /* LoginAssembler.swift */; };
		83F3CC14284771FB00C05298 /* LoginContract.swift in Sources */ = {isa = PBXBuildFile; fileRef = 83F3CC13284771FB00C05298 /* LoginContract.swift */; };
		83F3CC1B28477ECE00C05298 /* LoginModel.swift in Sources */ = {isa = PBXBuildFile; fileRef = 83F3CC1A28477ECE00C05298 /* LoginModel.swift */; };
		83F3CC1D2847808200C05298 /* LoginModelAction.swift in Sources */ = {isa = PBXBuildFile; fileRef = 83F3CC1C2847808200C05298 /* LoginModelAction.swift */; };
		83F3CC202847851300C05298 /* LoginViewAction.swift in Sources */ = {isa = PBXBuildFile; fileRef = 83F3CC1F2847851300C05298 /* LoginViewAction.swift */; };
		83FA79410E174D738434A8AD /* Medication+Schema.swift in Sources */ = {isa = PBXBuildFile; fileRef = 1A66FE8EF8CD69BA7FC2D891 /* Medication+Schema.swift */; };
		88EA22371FFB6AF061D88A0F /* FeedingPointI18n+Schema.swift in Sources */ = {isa = PBXBuildFile; fileRef = BB8CB726A199268170F5DB49 /* FeedingPointI18n+Schema.swift */; };
		894C53219C7197F7610E9C6D /* FeedingPoint.swift in Sources */ = {isa = PBXBuildFile; fileRef = 53F2F2B14E76EE035EDE1673 /* FeedingPoint.swift */; };
		8A6AAAE674342B5D7F37A670 /* Settings.swift in Sources */ = {isa = PBXBuildFile; fileRef = 354FF144F7B1B50191F60634 /* Settings.swift */; };
		8E8DC17FBCBFDAEA975F74C0 /* CategoryI18n.swift in Sources */ = {isa = PBXBuildFile; fileRef = 6A0B545C01B304B77CD48DF3 /* CategoryI18n.swift */; };
		8EE189223EA6C7236079CEFD /* Feeding+Schema.swift in Sources */ = {isa = PBXBuildFile; fileRef = AE4A511F0B4C7AA001F9ECC6 /* Feeding+Schema.swift */; };
		916158A01E8C9CF111B616B4 /* FeedingPointI18n.swift in Sources */ = {isa = PBXBuildFile; fileRef = BCC783B4669B3726AA33D8A7 /* FeedingPointI18n.swift */; };
		9522C3FA58BF89826BB2D27F /* Feeding.swift in Sources */ = {isa = PBXBuildFile; fileRef = 6918D9E98B7A31C94E11F61A /* Feeding.swift */; };
		9FAE26445420DFE979D48E46 /* Settings+Schema.swift in Sources */ = {isa = PBXBuildFile; fileRef = 536B40393A9F76F900523AE3 /* Settings+Schema.swift */; };
		AA7331C285ADDCCBA8CF7FEA /* Location+Schema.swift in Sources */ = {isa = PBXBuildFile; fileRef = A99BD777ACB782FC6228A40A /* Location+Schema.swift */; };
		ADCE2C70056E504714AF994F /* CategoryI18n+Schema.swift in Sources */ = {isa = PBXBuildFile; fileRef = 0EF6C479DB146110689D215F /* CategoryI18n+Schema.swift */; };
		B37ACA9AB22169F324F2C212 /* Caretaker+Schema.swift in Sources */ = {isa = PBXBuildFile; fileRef = FA4AB87F5303920447B46AFE /* Caretaker+Schema.swift */; };
		B86954F5AEDAFD695ADFC5A6 /* Medication.swift in Sources */ = {isa = PBXBuildFile; fileRef = A73CF697E0ED36B966DB6DD9 /* Medication.swift */; };
		B8A233D7B15B4A46582895E9 /* RelationPetFeedingPoint.swift in Sources */ = {isa = PBXBuildFile; fileRef = AB8E22FD5E13C0C519D96120 /* RelationPetFeedingPoint.swift */; };
		B8E9C0526B1932D00ECDB596 /* Point.swift in Sources */ = {isa = PBXBuildFile; fileRef = 1A7300574E18A86484C884F8 /* Point.swift */; };
		C059A696D2F75AE49A266D33 /* RelationUserFeedingPoint.swift in Sources */ = {isa = PBXBuildFile; fileRef = 4F4CECC8A191E37D2FBB637C /* RelationUserFeedingPoint.swift */; };
		CBC2C7CF54215BF6AF61524E /* FeedingPointStatus.swift in Sources */ = {isa = PBXBuildFile; fileRef = 761104F96C616340746249C7 /* FeedingPointStatus.swift */; };
		CEE642FAC4700C08C7138B74 /* Category+Schema.swift in Sources */ = {isa = PBXBuildFile; fileRef = E7755CAA75F8797C1A590B38 /* Category+Schema.swift */; };
		CF57277BF72FB11BE40424A3 /* Language.swift in Sources */ = {isa = PBXBuildFile; fileRef = A8CB79619259AF5F554F3EC7 /* Language.swift */; };
		DA7754CFE85DA01540F13750 /* AmplifyModels.swift in Sources */ = {isa = PBXBuildFile; fileRef = 12662058C69A26CF52E46B66 /* AmplifyModels.swift */; };
		DB0D671528466D6200930564 /* Localizable.strings in Resources */ = {isa = PBXBuildFile; fileRef = DB0D670C28466D6200930564 /* Localizable.strings */; };
		DB0D671928466E7700930564 /* Strings.swift in Sources */ = {isa = PBXBuildFile; fileRef = DB0D671828466E7700930564 /* Strings.swift */; };
		DB5A837D285C513700F3C3A5 /* TabBarControllerAssembler.swift in Sources */ = {isa = PBXBuildFile; fileRef = DB5A837C285C513700F3C3A5 /* TabBarControllerAssembler.swift */; };
		DB5A837F285C536E00F3C3A5 /* ComponentViewController.swift in Sources */ = {isa = PBXBuildFile; fileRef = DB5A837E285C536E00F3C3A5 /* ComponentViewController.swift */; };
		DB5A8389285CEB5400F3C3A5 /* AppContext.swift in Sources */ = {isa = PBXBuildFile; fileRef = DB5A8388285CEB5400F3C3A5 /* AppContext.swift */; };
		DB5A838C285CEB9D00F3C3A5 /* AppInfo.swift in Sources */ = {isa = PBXBuildFile; fileRef = DB5A838B285CEB9D00F3C3A5 /* AppInfo.swift */; };
		DB5A838E285CEC4B00F3C3A5 /* Log.swift in Sources */ = {isa = PBXBuildFile; fileRef = DB5A838D285CEC4B00F3C3A5 /* Log.swift */; };
		DB6B07C628450A380009397B /* AppDelegate.swift in Sources */ = {isa = PBXBuildFile; fileRef = DB6B07C528450A380009397B /* AppDelegate.swift */; };
		DB6B07C828450A380009397B /* SceneDelegate.swift in Sources */ = {isa = PBXBuildFile; fileRef = DB6B07C728450A380009397B /* SceneDelegate.swift */; };
		DB6B07CA28450A380009397B /* HomeViewController.swift in Sources */ = {isa = PBXBuildFile; fileRef = DB6B07C928450A380009397B /* HomeViewController.swift */; };
		DB6B07D228450A390009397B /* LaunchScreen.storyboard in Resources */ = {isa = PBXBuildFile; fileRef = DB6B07D028450A390009397B /* LaunchScreen.storyboard */; };
		DBA3C7E728575CAF00B30A78 /* MapboxMaps in Frameworks */ = {isa = PBXBuildFile; productRef = DBA3C7E628575CAF00B30A78 /* MapboxMaps */; };
		DCE1CAAC12C918FB62B0BA8B /* LanguagesSetting+Schema.swift in Sources */ = {isa = PBXBuildFile; fileRef = 4D6536D50A446F5742969183 /* LanguagesSetting+Schema.swift */; };
		FB00144B2859FC1800943360 /* ProfileViewController.swift in Sources */ = {isa = PBXBuildFile; fileRef = FB00144A2859FC1800943360 /* ProfileViewController.swift */; };
		FB00144D2859FC7700943360 /* ProfileViewModel.swift in Sources */ = {isa = PBXBuildFile; fileRef = FB00144C2859FC7700943360 /* ProfileViewModel.swift */; };
		FB00144F2859FCDD00943360 /* ProfileModel.swift in Sources */ = {isa = PBXBuildFile; fileRef = FB00144E2859FCDD00943360 /* ProfileModel.swift */; };
		FB001451285A097E00943360 /* ProfileAssembler.swift in Sources */ = {isa = PBXBuildFile; fileRef = FB001450285A097E00943360 /* ProfileAssembler.swift */; };
		FB1C7E28286F1E1A0024EBDD /* ProfileContract.swift in Sources */ = {isa = PBXBuildFile; fileRef = FB1C7E27286F1E1A0024EBDD /* ProfileContract.swift */; };
		FB4313592848E97C0084C21A /* AppDelegate.swift in Sources */ = {isa = PBXBuildFile; fileRef = FB4313582848E97C0084C21A /* AppDelegate.swift */; };
		FB43135B2848E97C0084C21A /* SceneDelegate.swift in Sources */ = {isa = PBXBuildFile; fileRef = FB43135A2848E97C0084C21A /* SceneDelegate.swift */; };
		FB43135D2848E97C0084C21A /* ComponentsTableViewController.swift in Sources */ = {isa = PBXBuildFile; fileRef = FB43135C2848E97C0084C21A /* ComponentsTableViewController.swift */; };
		FB4313622848E97E0084C21A /* Assets.xcassets in Resources */ = {isa = PBXBuildFile; fileRef = FB4313612848E97E0084C21A /* Assets.xcassets */; };
		FB4313652848E97E0084C21A /* LaunchScreen.storyboard in Resources */ = {isa = PBXBuildFile; fileRef = FB4313632848E97E0084C21A /* LaunchScreen.storyboard */; };
		FB43136B2848EA950084C21A /* UIComponents in Frameworks */ = {isa = PBXBuildFile; productRef = FB43136A2848EA950084C21A /* UIComponents */; };
		FB5A725828534B0900B9AD15 /* AutoMockable.generated.swift in Sources */ = {isa = PBXBuildFile; fileRef = FB5A725728534B0900B9AD15 /* AutoMockable.generated.swift */; };
		FB74A19C285BC7EA0020122B /* PhoneNumberProcessor.swift in Sources */ = {isa = PBXBuildFile; fileRef = FB74A19B285BC7EA0020122B /* PhoneNumberProcessor.swift */; };
		FBA263B1285347B200DBED37 /* sourcery.yml in Resources */ = {isa = PBXBuildFile; fileRef = FBA263B0285347B200DBED37 /* sourcery.yml */; };
		FBA263B32853480500DBED37 /* AutoMockable.stencil in Resources */ = {isa = PBXBuildFile; fileRef = FBA263B22853480500DBED37 /* AutoMockable.stencil */; };
		FBA263B62853488200DBED37 /* LoginViewModelTests.swift in Sources */ = {isa = PBXBuildFile; fileRef = FBA263B52853488200DBED37 /* LoginViewModelTests.swift */; };
		FBCAE51C28687467008E3AC7 /* UIComponents in Frameworks */ = {isa = PBXBuildFile; productRef = FB5E4A3E284770FE00679657 /* UIComponents */; };
		FBCAE51D28687467008E3AC7 /* Services in Frameworks */ = {isa = PBXBuildFile; productRef = FB2914DB284F66830094DA8B /* Services */; };
		FBEB291F802113F2A65D62C9 /* FeedingPointConnection+Schema.swift in Sources */ = {isa = PBXBuildFile; fileRef = 95550513A0326A8E443C7BCB /* FeedingPointConnection+Schema.swift */; };
		FBFE40F02853448800316D58 /* Quick in Frameworks */ = {isa = PBXBuildFile; productRef = FBFE40EF2853448800316D58 /* Quick */; };
		FBFE40F3285344B100316D58 /* Nimble in Frameworks */ = {isa = PBXBuildFile; productRef = FBFE40F2285344B100316D58 /* Nimble */; };
		FF0D1A35DECA7017DE49AF15 /* RelationUserPet+Schema.swift in Sources */ = {isa = PBXBuildFile; fileRef = 47CE4BA48AE07A2C248C7246 /* RelationUserPet+Schema.swift */; };
/* End PBXBuildFile section */

/* Begin PBXContainerItemProxy section */
		DB6B07D928450A3A0009397B /* PBXContainerItemProxy */ = {
			isa = PBXContainerItemProxy;
			containerPortal = DB6B07BA28450A380009397B /* Project object */;
			proxyType = 1;
			remoteGlobalIDString = DB6B07C128450A380009397B;
			remoteInfo = animeal;
		};
/* End PBXContainerItemProxy section */

/* Begin PBXFileReference section */
		0EF6C479DB146110689D215F /* CategoryI18n+Schema.swift */ = {isa = PBXFileReference; explicitFileType = sourcecode.swift; name = "CategoryI18n+Schema.swift"; path = "amplify/generated/models/CategoryI18n+Schema.swift"; sourceTree = "<group>"; };
		12662058C69A26CF52E46B66 /* AmplifyModels.swift */ = {isa = PBXFileReference; explicitFileType = sourcecode.swift; name = AmplifyModels.swift; path = amplify/generated/models/AmplifyModels.swift; sourceTree = "<group>"; };
		12E8D4947DDBC6278B003F58 /* RelationPetFeedingPoint+Schema.swift */ = {isa = PBXFileReference; explicitFileType = sourcecode.swift; name = "RelationPetFeedingPoint+Schema.swift"; path = "amplify/generated/models/RelationPetFeedingPoint+Schema.swift"; sourceTree = "<group>"; };
		15604A445EC1B413F5D540DD /* RelationUserPet.swift */ = {isa = PBXFileReference; explicitFileType = sourcecode.swift; name = RelationUserPet.swift; path = amplify/generated/models/RelationUserPet.swift; sourceTree = "<group>"; };
		191D8CFF0903D9FAFD029EDD /* Point+Schema.swift */ = {isa = PBXFileReference; explicitFileType = sourcecode.swift; name = "Point+Schema.swift"; path = "amplify/generated/models/Point+Schema.swift"; sourceTree = "<group>"; };
		1A66FE8EF8CD69BA7FC2D891 /* Medication+Schema.swift */ = {isa = PBXFileReference; explicitFileType = sourcecode.swift; name = "Medication+Schema.swift"; path = "amplify/generated/models/Medication+Schema.swift"; sourceTree = "<group>"; };
		1A7300574E18A86484C884F8 /* Point.swift */ = {isa = PBXFileReference; explicitFileType = sourcecode.swift; name = Point.swift; path = amplify/generated/models/Point.swift; sourceTree = "<group>"; };
		2B430631AEB7F77155F5652D /* PetI18n.swift */ = {isa = PBXFileReference; explicitFileType = sourcecode.swift; name = PetI18n.swift; path = amplify/generated/models/PetI18n.swift; sourceTree = "<group>"; };
		354FF144F7B1B50191F60634 /* Settings.swift */ = {isa = PBXFileReference; explicitFileType = sourcecode.swift; name = Settings.swift; path = amplify/generated/models/Settings.swift; sourceTree = "<group>"; };
		47CE4BA48AE07A2C248C7246 /* RelationUserPet+Schema.swift */ = {isa = PBXFileReference; explicitFileType = sourcecode.swift; name = "RelationUserPet+Schema.swift"; path = "amplify/generated/models/RelationUserPet+Schema.swift"; sourceTree = "<group>"; };
		4D6536D50A446F5742969183 /* LanguagesSetting+Schema.swift */ = {isa = PBXFileReference; explicitFileType = sourcecode.swift; name = "LanguagesSetting+Schema.swift"; path = "amplify/generated/models/LanguagesSetting+Schema.swift"; sourceTree = "<group>"; };
		4F398578873094410FA6219F /* PetI18n+Schema.swift */ = {isa = PBXFileReference; explicitFileType = sourcecode.swift; name = "PetI18n+Schema.swift"; path = "amplify/generated/models/PetI18n+Schema.swift"; sourceTree = "<group>"; };
		4F4CECC8A191E37D2FBB637C /* RelationUserFeedingPoint.swift */ = {isa = PBXFileReference; explicitFileType = sourcecode.swift; name = RelationUserFeedingPoint.swift; path = amplify/generated/models/RelationUserFeedingPoint.swift; sourceTree = "<group>"; };
		526788734ABC76D2329D30A7 /* Pet+Schema.swift */ = {isa = PBXFileReference; explicitFileType = sourcecode.swift; name = "Pet+Schema.swift"; path = "amplify/generated/models/Pet+Schema.swift"; sourceTree = "<group>"; };
		536B40393A9F76F900523AE3 /* Settings+Schema.swift */ = {isa = PBXFileReference; explicitFileType = sourcecode.swift; name = "Settings+Schema.swift"; path = "amplify/generated/models/Settings+Schema.swift"; sourceTree = "<group>"; };
		53F2F2B14E76EE035EDE1673 /* FeedingPoint.swift */ = {isa = PBXFileReference; explicitFileType = sourcecode.swift; name = FeedingPoint.swift; path = amplify/generated/models/FeedingPoint.swift; sourceTree = "<group>"; };
		6918D9E98B7A31C94E11F61A /* Feeding.swift */ = {isa = PBXFileReference; explicitFileType = sourcecode.swift; name = Feeding.swift; path = amplify/generated/models/Feeding.swift; sourceTree = "<group>"; };
		6A0B545C01B304B77CD48DF3 /* CategoryI18n.swift */ = {isa = PBXFileReference; explicitFileType = sourcecode.swift; name = CategoryI18n.swift; path = amplify/generated/models/CategoryI18n.swift; sourceTree = "<group>"; };
		761104F96C616340746249C7 /* FeedingPointStatus.swift */ = {isa = PBXFileReference; explicitFileType = sourcecode.swift; name = FeedingPointStatus.swift; path = amplify/generated/models/FeedingPointStatus.swift; sourceTree = "<group>"; };
		832B4C337074B295E887E7E6 /* Caretaker.swift */ = {isa = PBXFileReference; explicitFileType = sourcecode.swift; name = Caretaker.swift; path = amplify/generated/models/Caretaker.swift; sourceTree = "<group>"; };
		8360D1A2284E954900ACDEDB /* LoginModelOnboardingStep.swift */ = {isa = PBXFileReference; lastKnownFileType = sourcecode.swift; path = LoginModelOnboardingStep.swift; sourceTree = "<group>"; };
		8360D1A4284E964D00ACDEDB /* LoginViewActionMapper.swift */ = {isa = PBXFileReference; lastKnownFileType = sourcecode.swift; path = LoginViewActionMapper.swift; sourceTree = "<group>"; };
		8360D1A6284E98FA00ACDEDB /* LoginViewOnboardingStepsMapper.swift */ = {isa = PBXFileReference; lastKnownFileType = sourcecode.swift; path = LoginViewOnboardingStepsMapper.swift; sourceTree = "<group>"; };
		8360D1A8284E9A9600ACDEDB /* LoginViewOnboardingStep.swift */ = {isa = PBXFileReference; lastKnownFileType = sourcecode.swift; path = LoginViewOnboardingStep.swift; sourceTree = "<group>"; };
		8360D1AA284E9EBD00ACDEDB /* LoginViewAction+ButtonViewModel.swift */ = {isa = PBXFileReference; lastKnownFileType = sourcecode.swift; path = "LoginViewAction+ButtonViewModel.swift"; sourceTree = "<group>"; };
		8360D1AC284E9FF400ACDEDB /* LoginViewOnboardingStep+OnboardingViewStep.swift */ = {isa = PBXFileReference; lastKnownFileType = sourcecode.swift; path = "LoginViewOnboardingStep+OnboardingViewStep.swift"; sourceTree = "<group>"; };
		8360D1AE284F2A5E00ACDEDB /* LoginViewActionEvent.swift */ = {isa = PBXFileReference; lastKnownFileType = sourcecode.swift; path = LoginViewActionEvent.swift; sourceTree = "<group>"; };
		839E274B284A33CA0040142A /* amplifyconfiguration.json */ = {isa = PBXFileReference; fileEncoding = 4; lastKnownFileType = text.json; path = amplifyconfiguration.json; sourceTree = SOURCE_ROOT; };
		839E274D284A33DD0040142A /* awsconfiguration.json */ = {isa = PBXFileReference; fileEncoding = 4; lastKnownFileType = text.json; path = awsconfiguration.json; sourceTree = SOURCE_ROOT; };
		83F3CC0D2847704300C05298 /* LoginViewController.swift */ = {isa = PBXFileReference; lastKnownFileType = sourcecode.swift; path = LoginViewController.swift; sourceTree = "<group>"; };
		83F3CC0F2847713400C05298 /* LoginViewModel.swift */ = {isa = PBXFileReference; lastKnownFileType = sourcecode.swift; path = LoginViewModel.swift; sourceTree = "<group>"; };
		83F3CC11284771CA00C05298 /* LoginAssembler.swift */ = {isa = PBXFileReference; lastKnownFileType = sourcecode.swift; path = LoginAssembler.swift; sourceTree = "<group>"; };
		83F3CC13284771FB00C05298 /* LoginContract.swift */ = {isa = PBXFileReference; lastKnownFileType = sourcecode.swift; path = LoginContract.swift; sourceTree = "<group>"; };
		83F3CC1A28477ECE00C05298 /* LoginModel.swift */ = {isa = PBXFileReference; lastKnownFileType = sourcecode.swift; path = LoginModel.swift; sourceTree = "<group>"; };
		83F3CC1C2847808200C05298 /* LoginModelAction.swift */ = {isa = PBXFileReference; lastKnownFileType = sourcecode.swift; path = LoginModelAction.swift; sourceTree = "<group>"; };
		83F3CC1F2847851300C05298 /* LoginViewAction.swift */ = {isa = PBXFileReference; lastKnownFileType = sourcecode.swift; path = LoginViewAction.swift; sourceTree = "<group>"; };
		8CD69A6F89E3BC60EA232408 /* Language+Schema.swift */ = {isa = PBXFileReference; explicitFileType = sourcecode.swift; name = "Language+Schema.swift"; path = "amplify/generated/models/Language+Schema.swift"; sourceTree = "<group>"; };
		8F4A7CF4F0C1D848CC47A162 /* Location.swift */ = {isa = PBXFileReference; explicitFileType = sourcecode.swift; name = Location.swift; path = amplify/generated/models/Location.swift; sourceTree = "<group>"; };
		95550513A0326A8E443C7BCB /* FeedingPointConnection+Schema.swift */ = {isa = PBXFileReference; explicitFileType = sourcecode.swift; name = "FeedingPointConnection+Schema.swift"; path = "amplify/generated/models/FeedingPointConnection+Schema.swift"; sourceTree = "<group>"; };
		A599E2C6DF76CD81C5AD66D9 /* FeedingPointConnection.swift */ = {isa = PBXFileReference; explicitFileType = sourcecode.swift; name = FeedingPointConnection.swift; path = amplify/generated/models/FeedingPointConnection.swift; sourceTree = "<group>"; };
		A73CF697E0ED36B966DB6DD9 /* Medication.swift */ = {isa = PBXFileReference; explicitFileType = sourcecode.swift; name = Medication.swift; path = amplify/generated/models/Medication.swift; sourceTree = "<group>"; };
		A8CB79619259AF5F554F3EC7 /* Language.swift */ = {isa = PBXFileReference; explicitFileType = sourcecode.swift; name = Language.swift; path = amplify/generated/models/Language.swift; sourceTree = "<group>"; };
		A99BD777ACB782FC6228A40A /* Location+Schema.swift */ = {isa = PBXFileReference; explicitFileType = sourcecode.swift; name = "Location+Schema.swift"; path = "amplify/generated/models/Location+Schema.swift"; sourceTree = "<group>"; };
		AB8E22FD5E13C0C519D96120 /* RelationPetFeedingPoint.swift */ = {isa = PBXFileReference; explicitFileType = sourcecode.swift; name = RelationPetFeedingPoint.swift; path = amplify/generated/models/RelationPetFeedingPoint.swift; sourceTree = "<group>"; };
		AE4A511F0B4C7AA001F9ECC6 /* Feeding+Schema.swift */ = {isa = PBXFileReference; explicitFileType = sourcecode.swift; name = "Feeding+Schema.swift"; path = "amplify/generated/models/Feeding+Schema.swift"; sourceTree = "<group>"; };
		B3FD88DC75911C04106149D6 /* FeedingStatus.swift */ = {isa = PBXFileReference; explicitFileType = sourcecode.swift; name = FeedingStatus.swift; path = amplify/generated/models/FeedingStatus.swift; sourceTree = "<group>"; };
		B5AFDE474C170447B1CA322E /* MedicationI18n.swift */ = {isa = PBXFileReference; explicitFileType = sourcecode.swift; name = MedicationI18n.swift; path = amplify/generated/models/MedicationI18n.swift; sourceTree = "<group>"; };
		BB8CB726A199268170F5DB49 /* FeedingPointI18n+Schema.swift */ = {isa = PBXFileReference; explicitFileType = sourcecode.swift; name = "FeedingPointI18n+Schema.swift"; path = "amplify/generated/models/FeedingPointI18n+Schema.swift"; sourceTree = "<group>"; };
		BCC783B4669B3726AA33D8A7 /* FeedingPointI18n.swift */ = {isa = PBXFileReference; explicitFileType = sourcecode.swift; name = FeedingPointI18n.swift; path = amplify/generated/models/FeedingPointI18n.swift; sourceTree = "<group>"; };
		C45B7650A014076E116C8BD5 /* Category.swift */ = {isa = PBXFileReference; explicitFileType = sourcecode.swift; name = Category.swift; path = amplify/generated/models/Category.swift; sourceTree = "<group>"; };
		C5A3F3180005C29FF765CAC8 /* FeedingPoint+Schema.swift */ = {isa = PBXFileReference; explicitFileType = sourcecode.swift; name = "FeedingPoint+Schema.swift"; path = "amplify/generated/models/FeedingPoint+Schema.swift"; sourceTree = "<group>"; };
		D5F69DAC34ED36AD10ABB6FD /* Favourites.swift */ = {isa = PBXFileReference; explicitFileType = sourcecode.swift; name = Favourites.swift; path = amplify/generated/models/Favourites.swift; sourceTree = "<group>"; };
		D6AFDBF0B00B11A2E29B8944 /* Favourites+Schema.swift */ = {isa = PBXFileReference; explicitFileType = sourcecode.swift; name = "Favourites+Schema.swift"; path = "amplify/generated/models/Favourites+Schema.swift"; sourceTree = "<group>"; };
		DB0D670D28466D6200930564 /* en */ = {isa = PBXFileReference; lastKnownFileType = text.plist.strings; name = en; path = en.lproj/Localizable.strings; sourceTree = "<group>"; };
		DB0D671828466E7700930564 /* Strings.swift */ = {isa = PBXFileReference; lastKnownFileType = sourcecode.swift; path = Strings.swift; sourceTree = "<group>"; };
		DB0D671B2846744100930564 /* ka */ = {isa = PBXFileReference; lastKnownFileType = text.plist.strings; name = ka; path = ka.lproj/Localizable.strings; sourceTree = "<group>"; };
		DB5A837C285C513700F3C3A5 /* TabBarControllerAssembler.swift */ = {isa = PBXFileReference; lastKnownFileType = sourcecode.swift; path = TabBarControllerAssembler.swift; sourceTree = "<group>"; };
		DB5A837E285C536E00F3C3A5 /* ComponentViewController.swift */ = {isa = PBXFileReference; lastKnownFileType = sourcecode.swift; path = ComponentViewController.swift; sourceTree = "<group>"; };
		DB5A8388285CEB5400F3C3A5 /* AppContext.swift */ = {isa = PBXFileReference; lastKnownFileType = sourcecode.swift; path = AppContext.swift; sourceTree = "<group>"; };
		DB5A838B285CEB9D00F3C3A5 /* AppInfo.swift */ = {isa = PBXFileReference; lastKnownFileType = sourcecode.swift; path = AppInfo.swift; sourceTree = "<group>"; };
		DB5A838D285CEC4B00F3C3A5 /* Log.swift */ = {isa = PBXFileReference; lastKnownFileType = sourcecode.swift; path = Log.swift; sourceTree = "<group>"; };
		DB6B07C228450A380009397B /* animeal.app */ = {isa = PBXFileReference; explicitFileType = wrapper.application; includeInIndex = 0; path = animeal.app; sourceTree = BUILT_PRODUCTS_DIR; };
		DB6B07C528450A380009397B /* AppDelegate.swift */ = {isa = PBXFileReference; lastKnownFileType = sourcecode.swift; path = AppDelegate.swift; sourceTree = "<group>"; };
		DB6B07C728450A380009397B /* SceneDelegate.swift */ = {isa = PBXFileReference; lastKnownFileType = sourcecode.swift; path = SceneDelegate.swift; sourceTree = "<group>"; };
		DB6B07C928450A380009397B /* HomeViewController.swift */ = {isa = PBXFileReference; lastKnownFileType = sourcecode.swift; path = HomeViewController.swift; sourceTree = "<group>"; };
		DB6B07D128450A390009397B /* Base */ = {isa = PBXFileReference; lastKnownFileType = file.storyboard; name = Base; path = Base.lproj/LaunchScreen.storyboard; sourceTree = "<group>"; };
		DB6B07D328450A390009397B /* Info.plist */ = {isa = PBXFileReference; lastKnownFileType = text.plist.xml; path = Info.plist; sourceTree = "<group>"; };
		DB6B07D828450A3A0009397B /* animealTests.xctest */ = {isa = PBXFileReference; explicitFileType = wrapper.cfbundle; includeInIndex = 0; path = animealTests.xctest; sourceTree = BUILT_PRODUCTS_DIR; };
		DEFE643B8BEBAC315C0A9518 /* Pet.swift */ = {isa = PBXFileReference; explicitFileType = sourcecode.swift; name = Pet.swift; path = amplify/generated/models/Pet.swift; sourceTree = "<group>"; };
		E1877F1460B58C5A5A0F72E5 /* LanguagesSetting.swift */ = {isa = PBXFileReference; explicitFileType = sourcecode.swift; name = LanguagesSetting.swift; path = amplify/generated/models/LanguagesSetting.swift; sourceTree = "<group>"; };
		E423FC6DE22260CD3829A2BE /* MedicationI18n+Schema.swift */ = {isa = PBXFileReference; explicitFileType = sourcecode.swift; name = "MedicationI18n+Schema.swift"; path = "amplify/generated/models/MedicationI18n+Schema.swift"; sourceTree = "<group>"; };
		E7755CAA75F8797C1A590B38 /* Category+Schema.swift */ = {isa = PBXFileReference; explicitFileType = sourcecode.swift; name = "Category+Schema.swift"; path = "amplify/generated/models/Category+Schema.swift"; sourceTree = "<group>"; };
		F51C75C31E8D0F3CD7FEA2BB /* RelationUserFeedingPoint+Schema.swift */ = {isa = PBXFileReference; explicitFileType = sourcecode.swift; name = "RelationUserFeedingPoint+Schema.swift"; path = "amplify/generated/models/RelationUserFeedingPoint+Schema.swift"; sourceTree = "<group>"; };
		FA4AB87F5303920447B46AFE /* Caretaker+Schema.swift */ = {isa = PBXFileReference; explicitFileType = sourcecode.swift; name = "Caretaker+Schema.swift"; path = "amplify/generated/models/Caretaker+Schema.swift"; sourceTree = "<group>"; };
		FB00144A2859FC1800943360 /* ProfileViewController.swift */ = {isa = PBXFileReference; lastKnownFileType = sourcecode.swift; path = ProfileViewController.swift; sourceTree = "<group>"; };
		FB00144C2859FC7700943360 /* ProfileViewModel.swift */ = {isa = PBXFileReference; lastKnownFileType = sourcecode.swift; path = ProfileViewModel.swift; sourceTree = "<group>"; };
		FB00144E2859FCDD00943360 /* ProfileModel.swift */ = {isa = PBXFileReference; lastKnownFileType = sourcecode.swift; path = ProfileModel.swift; sourceTree = "<group>"; };
		FB001450285A097E00943360 /* ProfileAssembler.swift */ = {isa = PBXFileReference; lastKnownFileType = sourcecode.swift; path = ProfileAssembler.swift; sourceTree = "<group>"; };
		FB1C7E27286F1E1A0024EBDD /* ProfileContract.swift */ = {isa = PBXFileReference; lastKnownFileType = sourcecode.swift; path = ProfileContract.swift; sourceTree = "<group>"; };
		FB2914D8284F65970094DA8B /* Services */ = {isa = PBXFileReference; lastKnownFileType = wrapper; path = Services; sourceTree = "<group>"; };
		FB371CF328476D6A007E6A08 /* UIComponents */ = {isa = PBXFileReference; lastKnownFileType = wrapper; path = UIComponents; sourceTree = "<group>"; };
		FB4313512848E3850084C21A /* Style */ = {isa = PBXFileReference; lastKnownFileType = wrapper; path = Style; sourceTree = "<group>"; };
		FB4313562848E97C0084C21A /* animealUI.app */ = {isa = PBXFileReference; explicitFileType = wrapper.application; includeInIndex = 0; path = animealUI.app; sourceTree = BUILT_PRODUCTS_DIR; };
		FB4313582848E97C0084C21A /* AppDelegate.swift */ = {isa = PBXFileReference; lastKnownFileType = sourcecode.swift; path = AppDelegate.swift; sourceTree = "<group>"; };
		FB43135A2848E97C0084C21A /* SceneDelegate.swift */ = {isa = PBXFileReference; lastKnownFileType = sourcecode.swift; path = SceneDelegate.swift; sourceTree = "<group>"; };
		FB43135C2848E97C0084C21A /* ComponentsTableViewController.swift */ = {isa = PBXFileReference; lastKnownFileType = sourcecode.swift; path = ComponentsTableViewController.swift; sourceTree = "<group>"; };
		FB4313612848E97E0084C21A /* Assets.xcassets */ = {isa = PBXFileReference; lastKnownFileType = folder.assetcatalog; path = Assets.xcassets; sourceTree = "<group>"; };
		FB4313642848E97E0084C21A /* Base */ = {isa = PBXFileReference; lastKnownFileType = file.storyboard; name = Base; path = Base.lproj/LaunchScreen.storyboard; sourceTree = "<group>"; };
		FB4313662848E97E0084C21A /* Info.plist */ = {isa = PBXFileReference; lastKnownFileType = text.plist.xml; path = Info.plist; sourceTree = "<group>"; };
		FB5A725728534B0900B9AD15 /* AutoMockable.generated.swift */ = {isa = PBXFileReference; fileEncoding = 4; lastKnownFileType = sourcecode.swift; path = AutoMockable.generated.swift; sourceTree = "<group>"; };
		FB74A19B285BC7EA0020122B /* PhoneNumberProcessor.swift */ = {isa = PBXFileReference; lastKnownFileType = sourcecode.swift; path = PhoneNumberProcessor.swift; sourceTree = "<group>"; };
		FBA263B0285347B200DBED37 /* sourcery.yml */ = {isa = PBXFileReference; fileEncoding = 4; lastKnownFileType = text.yaml; path = sourcery.yml; sourceTree = "<group>"; };
		FBA263B22853480500DBED37 /* AutoMockable.stencil */ = {isa = PBXFileReference; fileEncoding = 4; lastKnownFileType = text; path = AutoMockable.stencil; sourceTree = "<group>"; };
		FBA263B52853488200DBED37 /* LoginViewModelTests.swift */ = {isa = PBXFileReference; lastKnownFileType = sourcecode.swift; path = LoginViewModelTests.swift; sourceTree = "<group>"; };
/* End PBXFileReference section */

/* Begin PBXFrameworksBuildPhase section */
		DB6B07BF28450A380009397B /* Frameworks */ = {
			isa = PBXFrameworksBuildPhase;
			buildActionMask = 2147483647;
			files = (
				FBCAE51C28687467008E3AC7 /* UIComponents in Frameworks */,
				839E2742284A33490040142A /* AWSAPIPlugin in Frameworks */,
				839E2748284A33490040142A /* AWSLocationGeoPlugin in Frameworks */,
				DBA3C7E728575CAF00B30A78 /* MapboxMaps in Frameworks */,
				839E274A284A33490040142A /* Amplify in Frameworks */,
				839E2744284A33490040142A /* AWSCognitoAuthPlugin in Frameworks */,
				839E2746284A33490040142A /* AWSDataStorePlugin in Frameworks */,
				FBCAE51D28687467008E3AC7 /* Services in Frameworks */,
			);
			runOnlyForDeploymentPostprocessing = 0;
		};
		DB6B07D528450A3A0009397B /* Frameworks */ = {
			isa = PBXFrameworksBuildPhase;
			buildActionMask = 2147483647;
			files = (
				FBFE40F02853448800316D58 /* Quick in Frameworks */,
				FBFE40F3285344B100316D58 /* Nimble in Frameworks */,
			);
			runOnlyForDeploymentPostprocessing = 0;
		};
		FB4313532848E97C0084C21A /* Frameworks */ = {
			isa = PBXFrameworksBuildPhase;
			buildActionMask = 2147483647;
			files = (
				FB43136B2848EA950084C21A /* UIComponents in Frameworks */,
			);
			runOnlyForDeploymentPostprocessing = 0;
		};
/* End PBXFrameworksBuildPhase section */

/* Begin PBXGroup section */
		83F3CC0B2847702900C05298 /* Modules */ = {
			isa = PBXGroup;
			children = (
				DB5A838F285D00B100F3C3A5 /* Home */,
				FB0014472859FBE000943360 /* Profile */,
				83F3CC0C2847703100C05298 /* Login */,
			);
			path = Modules;
			sourceTree = "<group>";
		};
		83F3CC0C2847703100C05298 /* Login */ = {
			isa = PBXGroup;
			children = (
				83F3CC1828477EB600C05298 /* Model */,
				83F3CC172847790000C05298 /* View */,
				83F3CC0D2847704300C05298 /* LoginViewController.swift */,
				83F3CC0F2847713400C05298 /* LoginViewModel.swift */,
				83F3CC11284771CA00C05298 /* LoginAssembler.swift */,
				83F3CC13284771FB00C05298 /* LoginContract.swift */,
			);
			path = Login;
			sourceTree = "<group>";
		};
		83F3CC16284778FA00C05298 /* Items */ = {
			isa = PBXGroup;
			children = (
				83F3CC1F2847851300C05298 /* LoginViewAction.swift */,
				8360D1A8284E9A9600ACDEDB /* LoginViewOnboardingStep.swift */,
				8360D1AA284E9EBD00ACDEDB /* LoginViewAction+ButtonViewModel.swift */,
				8360D1AC284E9FF400ACDEDB /* LoginViewOnboardingStep+OnboardingViewStep.swift */,
				8360D1AE284F2A5E00ACDEDB /* LoginViewActionEvent.swift */,
			);
			path = Items;
			sourceTree = "<group>";
		};
		83F3CC172847790000C05298 /* View */ = {
			isa = PBXGroup;
			children = (
				83F3CC21284786FE00C05298 /* Utils */,
				83F3CC16284778FA00C05298 /* Items */,
			);
			path = View;
			sourceTree = "<group>";
		};
		83F3CC1828477EB600C05298 /* Model */ = {
			isa = PBXGroup;
			children = (
				83F3CC1928477EC100C05298 /* Items */,
				83F3CC1A28477ECE00C05298 /* LoginModel.swift */,
			);
			path = Model;
			sourceTree = "<group>";
		};
		83F3CC1928477EC100C05298 /* Items */ = {
			isa = PBXGroup;
			children = (
				83F3CC1C2847808200C05298 /* LoginModelAction.swift */,
				8360D1A2284E954900ACDEDB /* LoginModelOnboardingStep.swift */,
			);
			path = Items;
			sourceTree = "<group>";
		};
		83F3CC21284786FE00C05298 /* Utils */ = {
			isa = PBXGroup;
			children = (
				8360D1A4284E964D00ACDEDB /* LoginViewActionMapper.swift */,
				8360D1A6284E98FA00ACDEDB /* LoginViewOnboardingStepsMapper.swift */,
			);
			path = Utils;
			sourceTree = "<group>";
		};
		DB0D66BB2846676100930564 /* Common */ = {
			isa = PBXGroup;
			children = (
				DB0D671828466E7700930564 /* Strings.swift */,
			);
			path = Common;
			sourceTree = "<group>";
		};
		DB4CA51C28450FEE00050EA5 /* src */ = {
			isa = PBXGroup;
			children = (
				DB5A838A285CEB8C00F3C3A5 /* App */,
				83F3CC0B2847702900C05298 /* Modules */,
				DB0D66BB2846676100930564 /* Common */,
			);
			path = src;
			sourceTree = "<group>";
		};
		DB4CA51D2845104900050EA5 /* res */ = {
			isa = PBXGroup;
			children = (
				DB0D670C28466D6200930564 /* Localizable.strings */,
				DB6B07D028450A390009397B /* LaunchScreen.storyboard */,
				DB6B07D328450A390009397B /* Info.plist */,
			);
			path = res;
			sourceTree = "<group>";
		};
		DB5A837B285C511700F3C3A5 /* Assemblers */ = {
			isa = PBXGroup;
			children = (
				DB5A837C285C513700F3C3A5 /* TabBarControllerAssembler.swift */,
			);
			path = Assemblers;
			sourceTree = "<group>";
		};
		DB5A838A285CEB8C00F3C3A5 /* App */ = {
			isa = PBXGroup;
			children = (
				DB5A8388285CEB5400F3C3A5 /* AppContext.swift */,
				DB5A838B285CEB9D00F3C3A5 /* AppInfo.swift */,
				DB5A838D285CEC4B00F3C3A5 /* Log.swift */,
			);
			path = App;
			sourceTree = "<group>";
		};
		DB5A838F285D00B100F3C3A5 /* Home */ = {
			isa = PBXGroup;
			children = (
				DB6B07C928450A380009397B /* HomeViewController.swift */,
			);
			path = Home;
			sourceTree = "<group>";
		};
		DB6B07B928450A380009397B = {
			isa = PBXGroup;
			children = (
				FB2914D8284F65970094DA8B /* Services */,
				FB4313512848E3850084C21A /* Style */,
				FB371CF328476D6A007E6A08 /* UIComponents */,
				DB6B07C428450A380009397B /* animeal */,
				DB6B07DB28450A3A0009397B /* animealTests */,
				FB4313572848E97C0084C21A /* animealUI */,
				DB6B07C328450A380009397B /* Products */,
				FB5E4A3B28476EFB00679657 /* Frameworks */,
				EC5A724E54B251047A4A70CA /* AmplifyModels */,
			);
			sourceTree = "<group>";
		};
		DB6B07C328450A380009397B /* Products */ = {
			isa = PBXGroup;
			children = (
				DB6B07C228450A380009397B /* animeal.app */,
				DB6B07D828450A3A0009397B /* animealTests.xctest */,
				FB4313562848E97C0084C21A /* animealUI.app */,
			);
			name = Products;
			sourceTree = "<group>";
		};
		DB6B07C428450A380009397B /* animeal */ = {
			isa = PBXGroup;
			children = (
				839E274D284A33DD0040142A /* awsconfiguration.json */,
				839E274B284A33CA0040142A /* amplifyconfiguration.json */,
				DB6B07C528450A380009397B /* AppDelegate.swift */,
				DB6B07C728450A380009397B /* SceneDelegate.swift */,
				DB4CA51C28450FEE00050EA5 /* src */,
				DB4CA51D2845104900050EA5 /* res */,
			);
			path = animeal;
			sourceTree = "<group>";
		};
		DB6B07DB28450A3A0009397B /* animealTests */ = {
			isa = PBXGroup;
			children = (
				FBA263B42853484C00DBED37 /* src */,
				FBFE40F42853462300316D58 /* Sourcery */,
			);
			path = animealTests;
			sourceTree = "<group>";
		};
		EC5A724E54B251047A4A70CA /* AmplifyModels */ = {
			isa = PBXGroup;
			children = (
				12662058C69A26CF52E46B66 /* AmplifyModels.swift */,
				FA4AB87F5303920447B46AFE /* Caretaker+Schema.swift */,
				832B4C337074B295E887E7E6 /* Caretaker.swift */,
				E7755CAA75F8797C1A590B38 /* Category+Schema.swift */,
				C45B7650A014076E116C8BD5 /* Category.swift */,
				0EF6C479DB146110689D215F /* CategoryI18n+Schema.swift */,
				6A0B545C01B304B77CD48DF3 /* CategoryI18n.swift */,
				D6AFDBF0B00B11A2E29B8944 /* Favourites+Schema.swift */,
				D5F69DAC34ED36AD10ABB6FD /* Favourites.swift */,
				AE4A511F0B4C7AA001F9ECC6 /* Feeding+Schema.swift */,
				6918D9E98B7A31C94E11F61A /* Feeding.swift */,
				C5A3F3180005C29FF765CAC8 /* FeedingPoint+Schema.swift */,
				53F2F2B14E76EE035EDE1673 /* FeedingPoint.swift */,
				95550513A0326A8E443C7BCB /* FeedingPointConnection+Schema.swift */,
				A599E2C6DF76CD81C5AD66D9 /* FeedingPointConnection.swift */,
				BB8CB726A199268170F5DB49 /* FeedingPointI18n+Schema.swift */,
				BCC783B4669B3726AA33D8A7 /* FeedingPointI18n.swift */,
				761104F96C616340746249C7 /* FeedingPointStatus.swift */,
				B3FD88DC75911C04106149D6 /* FeedingStatus.swift */,
				8CD69A6F89E3BC60EA232408 /* Language+Schema.swift */,
				A8CB79619259AF5F554F3EC7 /* Language.swift */,
				4D6536D50A446F5742969183 /* LanguagesSetting+Schema.swift */,
				E1877F1460B58C5A5A0F72E5 /* LanguagesSetting.swift */,
				A99BD777ACB782FC6228A40A /* Location+Schema.swift */,
				8F4A7CF4F0C1D848CC47A162 /* Location.swift */,
				1A66FE8EF8CD69BA7FC2D891 /* Medication+Schema.swift */,
				A73CF697E0ED36B966DB6DD9 /* Medication.swift */,
				E423FC6DE22260CD3829A2BE /* MedicationI18n+Schema.swift */,
				B5AFDE474C170447B1CA322E /* MedicationI18n.swift */,
				526788734ABC76D2329D30A7 /* Pet+Schema.swift */,
				DEFE643B8BEBAC315C0A9518 /* Pet.swift */,
				4F398578873094410FA6219F /* PetI18n+Schema.swift */,
				2B430631AEB7F77155F5652D /* PetI18n.swift */,
				191D8CFF0903D9FAFD029EDD /* Point+Schema.swift */,
				1A7300574E18A86484C884F8 /* Point.swift */,
				12E8D4947DDBC6278B003F58 /* RelationPetFeedingPoint+Schema.swift */,
				AB8E22FD5E13C0C519D96120 /* RelationPetFeedingPoint.swift */,
				F51C75C31E8D0F3CD7FEA2BB /* RelationUserFeedingPoint+Schema.swift */,
				4F4CECC8A191E37D2FBB637C /* RelationUserFeedingPoint.swift */,
				47CE4BA48AE07A2C248C7246 /* RelationUserPet+Schema.swift */,
				15604A445EC1B413F5D540DD /* RelationUserPet.swift */,
				536B40393A9F76F900523AE3 /* Settings+Schema.swift */,
				354FF144F7B1B50191F60634 /* Settings.swift */,
			);
			name = AmplifyModels;
			sourceTree = "<group>";
		};
		FB0014472859FBE000943360 /* Profile */ = {
			isa = PBXGroup;
			children = (
				FB0014492859FBF700943360 /* View */,
				FB0014482859FBF200943360 /* Model */,
				FB00144A2859FC1800943360 /* ProfileViewController.swift */,
				FB00144C2859FC7700943360 /* ProfileViewModel.swift */,
				FB001450285A097E00943360 /* ProfileAssembler.swift */,
				FB1C7E27286F1E1A0024EBDD /* ProfileContract.swift */,
			);
			path = Profile;
			sourceTree = "<group>";
		};
		FB0014482859FBF200943360 /* Model */ = {
			isa = PBXGroup;
			children = (
				FB00144E2859FCDD00943360 /* ProfileModel.swift */,
				FB74A19B285BC7EA0020122B /* PhoneNumberProcessor.swift */,
			);
			path = Model;
			sourceTree = "<group>";
		};
		FB0014492859FBF700943360 /* View */ = {
			isa = PBXGroup;
			children = (
			);
			path = View;
			sourceTree = "<group>";
		};
		FB4313572848E97C0084C21A /* animealUI */ = {
			isa = PBXGroup;
			children = (
				DB5A837B285C511700F3C3A5 /* Assemblers */,
				FB4313582848E97C0084C21A /* AppDelegate.swift */,
				FB43135A2848E97C0084C21A /* SceneDelegate.swift */,
				FB43135C2848E97C0084C21A /* ComponentsTableViewController.swift */,
				DB5A837E285C536E00F3C3A5 /* ComponentViewController.swift */,
				FB4313612848E97E0084C21A /* Assets.xcassets */,
				FB4313632848E97E0084C21A /* LaunchScreen.storyboard */,
				FB4313662848E97E0084C21A /* Info.plist */,
			);
			path = animealUI;
			sourceTree = "<group>";
		};
		FB5E4A3B28476EFB00679657 /* Frameworks */ = {
			isa = PBXGroup;
			children = (
			);
			name = Frameworks;
			sourceTree = "<group>";
		};
		FBA263AE2853471400DBED37 /* Generated */ = {
			isa = PBXGroup;
			children = (
				FB5A725728534B0900B9AD15 /* AutoMockable.generated.swift */,
			);
			path = Generated;
			sourceTree = "<group>";
		};
		FBA263AF2853471B00DBED37 /* Templates */ = {
			isa = PBXGroup;
			children = (
				FBA263B22853480500DBED37 /* AutoMockable.stencil */,
			);
			path = Templates;
			sourceTree = "<group>";
		};
		FBA263B42853484C00DBED37 /* src */ = {
			isa = PBXGroup;
			children = (
				FBA263B52853488200DBED37 /* LoginViewModelTests.swift */,
			);
			path = src;
			sourceTree = "<group>";
		};
		FBFE40F42853462300316D58 /* Sourcery */ = {
			isa = PBXGroup;
			children = (
				FBA263B0285347B200DBED37 /* sourcery.yml */,
				FBA263AF2853471B00DBED37 /* Templates */,
				FBA263AE2853471400DBED37 /* Generated */,
			);
			path = Sourcery;
			sourceTree = "<group>";
		};
/* End PBXGroup section */

/* Begin PBXNativeTarget section */
		DB6B07C128450A380009397B /* animeal */ = {
			isa = PBXNativeTarget;
			buildConfigurationList = DB6B07EC28450A3A0009397B /* Build configuration list for PBXNativeTarget "animeal" */;
			buildPhases = (
				DB6B07BE28450A380009397B /* Sources */,
				DB6B07BF28450A380009397B /* Frameworks */,
				DB6B07C028450A380009397B /* Resources */,
				DB058D61284642D60064A21F /* swiftgen */,
				DB4CA51E2845114E00050EA5 /* swiftlint */,
				DB5359AD286C59D000D2FF7F /* mapBox */,
			);
			buildRules = (
			);
			dependencies = (
			);
			name = animeal;
			packageProductDependencies = (
				FB5E4A3E284770FE00679657 /* UIComponents */,
				839E2741284A33490040142A /* AWSAPIPlugin */,
				839E2743284A33490040142A /* AWSCognitoAuthPlugin */,
				839E2745284A33490040142A /* AWSDataStorePlugin */,
				839E2747284A33490040142A /* AWSLocationGeoPlugin */,
				839E2749284A33490040142A /* Amplify */,
				FB2914DB284F66830094DA8B /* Services */,
				DBA3C7E628575CAF00B30A78 /* MapboxMaps */,
			);
			productName = animeal;
			productReference = DB6B07C228450A380009397B /* animeal.app */;
			productType = "com.apple.product-type.application";
		};
		DB6B07D728450A3A0009397B /* animealTests */ = {
			isa = PBXNativeTarget;
			buildConfigurationList = DB6B07EF28450A3A0009397B /* Build configuration list for PBXNativeTarget "animealTests" */;
			buildPhases = (
				FBA263B7285348D300DBED37 /* Generate Sourcery Mocks */,
				DB6B07D428450A3A0009397B /* Sources */,
				DB6B07D528450A3A0009397B /* Frameworks */,
				DB6B07D628450A3A0009397B /* Resources */,
			);
			buildRules = (
			);
			dependencies = (
				DB6B07DA28450A3A0009397B /* PBXTargetDependency */,
			);
			name = animealTests;
			packageProductDependencies = (
				FBFE40EF2853448800316D58 /* Quick */,
				FBFE40F2285344B100316D58 /* Nimble */,
			);
			productName = animealTests;
			productReference = DB6B07D828450A3A0009397B /* animealTests.xctest */;
			productType = "com.apple.product-type.bundle.unit-test";
		};
		FB4313552848E97C0084C21A /* animealUI */ = {
			isa = PBXNativeTarget;
			buildConfigurationList = FB4313672848E97E0084C21A /* Build configuration list for PBXNativeTarget "animealUI" */;
			buildPhases = (
				FB4313522848E97C0084C21A /* Sources */,
				FB4313532848E97C0084C21A /* Frameworks */,
				FB4313542848E97C0084C21A /* Resources */,
			);
			buildRules = (
			);
			dependencies = (
			);
			name = animealUI;
			packageProductDependencies = (
				FB43136A2848EA950084C21A /* UIComponents */,
			);
			productName = animealUI;
			productReference = FB4313562848E97C0084C21A /* animealUI.app */;
			productType = "com.apple.product-type.application";
		};
/* End PBXNativeTarget section */

/* Begin PBXProject section */
		DB6B07BA28450A380009397B /* Project object */ = {
			isa = PBXProject;
			attributes = {
				BuildIndependentTargetsInParallel = 1;
				LastSwiftUpdateCheck = 1330;
				LastUpgradeCheck = 1340;
				TargetAttributes = {
					DB6B07C128450A380009397B = {
						CreatedOnToolsVersion = 13.2.1;
					};
					DB6B07D728450A3A0009397B = {
						CreatedOnToolsVersion = 13.2.1;
						LastSwiftMigration = 1330;
						TestTargetID = DB6B07C128450A380009397B;
					};
					FB4313552848E97C0084C21A = {
						CreatedOnToolsVersion = 13.3.1;
					};
				};
			};
			buildConfigurationList = DB6B07BD28450A380009397B /* Build configuration list for PBXProject "animeal" */;
			compatibilityVersion = "Xcode 13.0";
			developmentRegion = en;
			hasScannedForEncodings = 0;
			knownRegions = (
				en,
				Base,
				ka,
			);
			mainGroup = DB6B07B928450A380009397B;
			packageReferences = (
				839E2740284A33490040142A /* XCRemoteSwiftPackageReference "amplify-ios" */,
				FBFE40EE2853448800316D58 /* XCRemoteSwiftPackageReference "Quick" */,
				FBFE40F1285344B100316D58 /* XCRemoteSwiftPackageReference "Nimble" */,
				DBA3C7E528575CAF00B30A78 /* XCRemoteSwiftPackageReference "mapbox-maps-ios" */,
			);
			productRefGroup = DB6B07C328450A380009397B /* Products */;
			projectDirPath = "";
			projectRoot = "";
			targets = (
				DB6B07C128450A380009397B /* animeal */,
				DB6B07D728450A3A0009397B /* animealTests */,
				FB4313552848E97C0084C21A /* animealUI */,
			);
		};
/* End PBXProject section */

/* Begin PBXResourcesBuildPhase section */
		DB6B07C028450A380009397B /* Resources */ = {
			isa = PBXResourcesBuildPhase;
			buildActionMask = 2147483647;
			files = (
				839E274E284A33DD0040142A /* awsconfiguration.json in Resources */,
				839E274C284A33CA0040142A /* amplifyconfiguration.json in Resources */,
				DB0D671528466D6200930564 /* Localizable.strings in Resources */,
				DB6B07D228450A390009397B /* LaunchScreen.storyboard in Resources */,
			);
			runOnlyForDeploymentPostprocessing = 0;
		};
		DB6B07D628450A3A0009397B /* Resources */ = {
			isa = PBXResourcesBuildPhase;
			buildActionMask = 2147483647;
			files = (
				FBA263B1285347B200DBED37 /* sourcery.yml in Resources */,
				FBA263B32853480500DBED37 /* AutoMockable.stencil in Resources */,
			);
			runOnlyForDeploymentPostprocessing = 0;
		};
		FB4313542848E97C0084C21A /* Resources */ = {
			isa = PBXResourcesBuildPhase;
			buildActionMask = 2147483647;
			files = (
				FB4313652848E97E0084C21A /* LaunchScreen.storyboard in Resources */,
				FB4313622848E97E0084C21A /* Assets.xcassets in Resources */,
			);
			runOnlyForDeploymentPostprocessing = 0;
		};
/* End PBXResourcesBuildPhase section */

/* Begin PBXShellScriptBuildPhase section */
		DB058D61284642D60064A21F /* swiftgen */ = {
			isa = PBXShellScriptBuildPhase;
			buildActionMask = 2147483647;
			files = (
			);
			inputFileListPaths = (
			);
			inputPaths = (
				"$(TARGET_BUILD_DIR)/$(INFOPLIST_PATH)",
			);
			name = swiftgen;
			outputFileListPaths = (
			);
			outputPaths = (
			);
			runOnlyForDeploymentPostprocessing = 0;
			shellPath = /bin/sh;
			shellScript = "if which swiftgen >/dev/null; then\n    swiftgen\nelse\n  echo \"warning: SwiftGen not installed, download it from https://github.com/SwiftGen/SwiftGen\"\nfi\n";
		};
		DB4CA51E2845114E00050EA5 /* swiftlint */ = {
			isa = PBXShellScriptBuildPhase;
			buildActionMask = 2147483647;
			files = (
			);
			inputFileListPaths = (
			);
			inputPaths = (
			);
			name = swiftlint;
			outputFileListPaths = (
			);
			outputPaths = (
			);
			runOnlyForDeploymentPostprocessing = 0;
			shellPath = /bin/sh;
			shellScript = "if which swiftlint >/dev/null; then\n  swiftlint lint --config \"${PROJECT_DIR}/.swiftlint.yml\"\nelse\n  echo \"warning: SwiftLint not installed, download from https://github.com/realm/SwiftLint\"\nfi\n";
		};
		DB5359AD286C59D000D2FF7F /* mapBox */ = {
			isa = PBXShellScriptBuildPhase;
			buildActionMask = 2147483647;
			files = (
			);
			inputFileListPaths = (
			);
			inputPaths = (
			);
			name = mapBox;
			outputFileListPaths = (
			);
			outputPaths = (
			);
			runOnlyForDeploymentPostprocessing = 0;
			shellPath = /bin/sh;
			shellScript = "# For how it works see https://docs.mapbox.com/help/troubleshooting/private-access-token-android-and-ios/\n# Look for a global file named 'mapbox' or '.mapbox' within the home directory\ntoken_file=~/.mapbox\ntoken=\"$(cat $token_file 2>/dev/null)\"\nif [ \"$token\" ]; then\n  plutil -replace MBXAccessToken -string $token \"$TARGET_BUILD_DIR/$INFOPLIST_PATH\"\nelse\n  echo 'warning: Missing Mapbox access token'\n  open 'https://account.mapbox.com/access-tokens/'\n  echo \"warning: Get an access token from <https://account.mapbox.com/access-tokens/>, then create a new file at $token_file that contains the access token.\"\nfi\n";
		};
		FBA263B7285348D300DBED37 /* Generate Sourcery Mocks */ = {
			isa = PBXShellScriptBuildPhase;
			buildActionMask = 2147483647;
			files = (
			);
			inputFileListPaths = (
			);
			inputPaths = (
			);
			name = "Generate Sourcery Mocks";
			outputFileListPaths = (
			);
			outputPaths = (
			);
			runOnlyForDeploymentPostprocessing = 0;
			shellPath = /bin/sh;
			shellScript = "# Type a script or drag a script file from your workspace to insert its path.\n${PROJECT_DIR}/animealTests/Sourcery/sourcery --config ${PROJECT_DIR}/animealTests/Sourcery/sourcery.yml\n";
		};
/* End PBXShellScriptBuildPhase section */

/* Begin PBXSourcesBuildPhase section */
		DB6B07BE28450A380009397B /* Sources */ = {
			isa = PBXSourcesBuildPhase;
			buildActionMask = 2147483647;
			files = (
				83F3CC14284771FB00C05298 /* LoginContract.swift in Sources */,
				DB6B07CA28450A380009397B /* HomeViewController.swift in Sources */,
				8360D1AF284F2A5E00ACDEDB /* LoginViewActionEvent.swift in Sources */,
				8360D1AB284E9EBD00ACDEDB /* LoginViewAction+ButtonViewModel.swift in Sources */,
				83F3CC12284771CA00C05298 /* LoginAssembler.swift in Sources */,
				83F3CC1D2847808200C05298 /* LoginModelAction.swift in Sources */,
				DB5A838E285CEC4B00F3C3A5 /* Log.swift in Sources */,
				DB6B07C628450A380009397B /* AppDelegate.swift in Sources */,
				8360D1A7284E98FA00ACDEDB /* LoginViewOnboardingStepsMapper.swift in Sources */,
				DB0D671928466E7700930564 /* Strings.swift in Sources */,
				83F3CC1B28477ECE00C05298 /* LoginModel.swift in Sources */,
				8360D1A5284E964D00ACDEDB /* LoginViewActionMapper.swift in Sources */,
				83F3CC102847713400C05298 /* LoginViewModel.swift in Sources */,
				FB00144B2859FC1800943360 /* ProfileViewController.swift in Sources */,
				8360D1A3284E954900ACDEDB /* LoginModelOnboardingStep.swift in Sources */,
				FB001451285A097E00943360 /* ProfileAssembler.swift in Sources */,
				8360D1A9284E9A9600ACDEDB /* LoginViewOnboardingStep.swift in Sources */,
				83F3CC0E2847704300C05298 /* LoginViewController.swift in Sources */,
				DB6B07C828450A380009397B /* SceneDelegate.swift in Sources */,
				DA7754CFE85DA01540F13750 /* AmplifyModels.swift in Sources */,
				B37ACA9AB22169F324F2C212 /* Caretaker+Schema.swift in Sources */,
				08C2EF7A223B33F0D0B2DC15 /* Caretaker.swift in Sources */,
				CEE642FAC4700C08C7138B74 /* Category+Schema.swift in Sources */,
				15EAA597F39959DC3C622A81 /* Category.swift in Sources */,
				ADCE2C70056E504714AF994F /* CategoryI18n+Schema.swift in Sources */,
				8E8DC17FBCBFDAEA975F74C0 /* CategoryI18n.swift in Sources */,
				704192811E47C576AE584354 /* Favourites+Schema.swift in Sources */,
				4C682BBEC221AEFF0609E936 /* Favourites.swift in Sources */,
				8EE189223EA6C7236079CEFD /* Feeding+Schema.swift in Sources */,
				9522C3FA58BF89826BB2D27F /* Feeding.swift in Sources */,
				14AB2108BFE313718FA8AF13 /* FeedingPoint+Schema.swift in Sources */,
				894C53219C7197F7610E9C6D /* FeedingPoint.swift in Sources */,
				FBEB291F802113F2A65D62C9 /* FeedingPointConnection+Schema.swift in Sources */,
				55C7A18C565F680A28DBA276 /* FeedingPointConnection.swift in Sources */,
				88EA22371FFB6AF061D88A0F /* FeedingPointI18n+Schema.swift in Sources */,
				916158A01E8C9CF111B616B4 /* FeedingPointI18n.swift in Sources */,
				CBC2C7CF54215BF6AF61524E /* FeedingPointStatus.swift in Sources */,
				655B7A9CC4DC0177ED3A03DE /* FeedingStatus.swift in Sources */,
				DB5A8389285CEB5400F3C3A5 /* AppContext.swift in Sources */,
				5A9A8F2E45405A7C20E2970E /* Language+Schema.swift in Sources */,
				CF57277BF72FB11BE40424A3 /* Language.swift in Sources */,
				DCE1CAAC12C918FB62B0BA8B /* LanguagesSetting+Schema.swift in Sources */,
				0DC1E70297860089B4FC9074 /* LanguagesSetting.swift in Sources */,
				AA7331C285ADDCCBA8CF7FEA /* Location+Schema.swift in Sources */,
				715F8D7B404E4EECCD15081A /* Location.swift in Sources */,
				83FA79410E174D738434A8AD /* Medication+Schema.swift in Sources */,
				B86954F5AEDAFD695ADFC5A6 /* Medication.swift in Sources */,
				1EE4E0FF2FF2EEB607AEC220 /* MedicationI18n+Schema.swift in Sources */,
				47EF15E3C330DD9F407C5F35 /* MedicationI18n.swift in Sources */,
				1F6824D22EE9243547B83894 /* Pet+Schema.swift in Sources */,
				FB00144F2859FCDD00943360 /* ProfileModel.swift in Sources */,
				11B8413D8AEA96EA29A0FF17 /* Pet.swift in Sources */,
				FB00144D2859FC7700943360 /* ProfileViewModel.swift in Sources */,
				0028E02D831362905A72161A /* PetI18n+Schema.swift in Sources */,
				6826AB850FFAF4CC13D042F3 /* PetI18n.swift in Sources */,
				0DC7F17C09E9C3EA296C308D /* Point+Schema.swift in Sources */,
				B8E9C0526B1932D00ECDB596 /* Point.swift in Sources */,
				1F770667D42E31D263AE67AB /* RelationPetFeedingPoint+Schema.swift in Sources */,
				B8A233D7B15B4A46582895E9 /* RelationPetFeedingPoint.swift in Sources */,
				74DE171718857E1BDAA82A57 /* RelationUserFeedingPoint+Schema.swift in Sources */,
				C059A696D2F75AE49A266D33 /* RelationUserFeedingPoint.swift in Sources */,
				FF0D1A35DECA7017DE49AF15 /* RelationUserPet+Schema.swift in Sources */,
				68EBA811759F197EE338048C /* RelationUserPet.swift in Sources */,
				9FAE26445420DFE979D48E46 /* Settings+Schema.swift in Sources */,
				8A6AAAE674342B5D7F37A670 /* Settings.swift in Sources */,
				83F3CC202847851300C05298 /* LoginViewAction.swift in Sources */,
				FB74A19C285BC7EA0020122B /* PhoneNumberProcessor.swift in Sources */,
				8360D1AD284E9FF400ACDEDB /* LoginViewOnboardingStep+OnboardingViewStep.swift in Sources */,
				DB5A838C285CEB9D00F3C3A5 /* AppInfo.swift in Sources */,
				FB1C7E28286F1E1A0024EBDD /* ProfileContract.swift in Sources */,
			);
			runOnlyForDeploymentPostprocessing = 0;
		};
		DB6B07D428450A3A0009397B /* Sources */ = {
			isa = PBXSourcesBuildPhase;
			buildActionMask = 2147483647;
			files = (
				FBA263B62853488200DBED37 /* LoginViewModelTests.swift in Sources */,
				FB5A725828534B0900B9AD15 /* AutoMockable.generated.swift in Sources */,
			);
			runOnlyForDeploymentPostprocessing = 0;
		};
		FB4313522848E97C0084C21A /* Sources */ = {
			isa = PBXSourcesBuildPhase;
			buildActionMask = 2147483647;
			files = (
				DB5A837D285C513700F3C3A5 /* TabBarControllerAssembler.swift in Sources */,
				DB5A837F285C536E00F3C3A5 /* ComponentViewController.swift in Sources */,
				FB43135D2848E97C0084C21A /* ComponentsTableViewController.swift in Sources */,
				FB4313592848E97C0084C21A /* AppDelegate.swift in Sources */,
				FB43135B2848E97C0084C21A /* SceneDelegate.swift in Sources */,
			);
			runOnlyForDeploymentPostprocessing = 0;
		};
/* End PBXSourcesBuildPhase section */

/* Begin PBXTargetDependency section */
		DB6B07DA28450A3A0009397B /* PBXTargetDependency */ = {
			isa = PBXTargetDependency;
			target = DB6B07C128450A380009397B /* animeal */;
			targetProxy = DB6B07D928450A3A0009397B /* PBXContainerItemProxy */;
		};
/* End PBXTargetDependency section */

/* Begin PBXVariantGroup section */
		DB0D670C28466D6200930564 /* Localizable.strings */ = {
			isa = PBXVariantGroup;
			children = (
				DB0D670D28466D6200930564 /* en */,
				DB0D671B2846744100930564 /* ka */,
			);
			name = Localizable.strings;
			sourceTree = "<group>";
		};
		DB6B07D028450A390009397B /* LaunchScreen.storyboard */ = {
			isa = PBXVariantGroup;
			children = (
				DB6B07D128450A390009397B /* Base */,
			);
			name = LaunchScreen.storyboard;
			sourceTree = "<group>";
		};
		FB4313632848E97E0084C21A /* LaunchScreen.storyboard */ = {
			isa = PBXVariantGroup;
			children = (
				FB4313642848E97E0084C21A /* Base */,
			);
			name = LaunchScreen.storyboard;
			sourceTree = "<group>";
		};
/* End PBXVariantGroup section */

/* Begin XCBuildConfiguration section */
		DB6B07EA28450A3A0009397B /* Debug */ = {
			isa = XCBuildConfiguration;
			buildSettings = {
				ALWAYS_SEARCH_USER_PATHS = NO;
				CLANG_ANALYZER_LOCALIZABILITY_NONLOCALIZED = YES;
				CLANG_ANALYZER_NONNULL = YES;
				CLANG_ANALYZER_NUMBER_OBJECT_CONVERSION = YES_AGGRESSIVE;
				CLANG_CXX_LANGUAGE_STANDARD = "gnu++17";
				CLANG_CXX_LIBRARY = "libc++";
				CLANG_ENABLE_MODULES = YES;
				CLANG_ENABLE_OBJC_ARC = YES;
				CLANG_ENABLE_OBJC_WEAK = YES;
				CLANG_WARN_BLOCK_CAPTURE_AUTORELEASING = YES;
				CLANG_WARN_BOOL_CONVERSION = YES;
				CLANG_WARN_COMMA = YES;
				CLANG_WARN_CONSTANT_CONVERSION = YES;
				CLANG_WARN_DEPRECATED_OBJC_IMPLEMENTATIONS = YES;
				CLANG_WARN_DIRECT_OBJC_ISA_USAGE = YES_ERROR;
				CLANG_WARN_DOCUMENTATION_COMMENTS = YES;
				CLANG_WARN_EMPTY_BODY = YES;
				CLANG_WARN_ENUM_CONVERSION = YES;
				CLANG_WARN_INFINITE_RECURSION = YES;
				CLANG_WARN_INT_CONVERSION = YES;
				CLANG_WARN_NON_LITERAL_NULL_CONVERSION = YES;
				CLANG_WARN_OBJC_IMPLICIT_RETAIN_SELF = YES;
				CLANG_WARN_OBJC_LITERAL_CONVERSION = YES;
				CLANG_WARN_OBJC_ROOT_CLASS = YES_ERROR;
				CLANG_WARN_QUOTED_INCLUDE_IN_FRAMEWORK_HEADER = YES;
				CLANG_WARN_RANGE_LOOP_ANALYSIS = YES;
				CLANG_WARN_STRICT_PROTOTYPES = YES;
				CLANG_WARN_SUSPICIOUS_MOVE = YES;
				CLANG_WARN_UNGUARDED_AVAILABILITY = YES_AGGRESSIVE;
				CLANG_WARN_UNREACHABLE_CODE = YES;
				CLANG_WARN__DUPLICATE_METHOD_MATCH = YES;
				COPY_PHASE_STRIP = NO;
				DEBUG_INFORMATION_FORMAT = dwarf;
				ENABLE_STRICT_OBJC_MSGSEND = YES;
				ENABLE_TESTABILITY = YES;
				GCC_C_LANGUAGE_STANDARD = gnu11;
				GCC_DYNAMIC_NO_PIC = NO;
				GCC_NO_COMMON_BLOCKS = YES;
				GCC_OPTIMIZATION_LEVEL = 0;
				GCC_PREPROCESSOR_DEFINITIONS = (
					"DEBUG=1",
					"$(inherited)",
				);
				GCC_WARN_64_TO_32_BIT_CONVERSION = YES;
				GCC_WARN_ABOUT_RETURN_TYPE = YES_ERROR;
				GCC_WARN_UNDECLARED_SELECTOR = YES;
				GCC_WARN_UNINITIALIZED_AUTOS = YES_AGGRESSIVE;
				GCC_WARN_UNUSED_FUNCTION = YES;
				GCC_WARN_UNUSED_VARIABLE = YES;
				IPHONEOS_DEPLOYMENT_TARGET = 14.0;
				MTL_ENABLE_DEBUG_INFO = INCLUDE_SOURCE;
				MTL_FAST_MATH = YES;
				ONLY_ACTIVE_ARCH = YES;
				SDKROOT = iphoneos;
				SWIFT_ACTIVE_COMPILATION_CONDITIONS = DEBUG;
				SWIFT_OPTIMIZATION_LEVEL = "-Onone";
			};
			name = Debug;
		};
		DB6B07EB28450A3A0009397B /* Release */ = {
			isa = XCBuildConfiguration;
			buildSettings = {
				ALWAYS_SEARCH_USER_PATHS = NO;
				CLANG_ANALYZER_LOCALIZABILITY_NONLOCALIZED = YES;
				CLANG_ANALYZER_NONNULL = YES;
				CLANG_ANALYZER_NUMBER_OBJECT_CONVERSION = YES_AGGRESSIVE;
				CLANG_CXX_LANGUAGE_STANDARD = "gnu++17";
				CLANG_CXX_LIBRARY = "libc++";
				CLANG_ENABLE_MODULES = YES;
				CLANG_ENABLE_OBJC_ARC = YES;
				CLANG_ENABLE_OBJC_WEAK = YES;
				CLANG_WARN_BLOCK_CAPTURE_AUTORELEASING = YES;
				CLANG_WARN_BOOL_CONVERSION = YES;
				CLANG_WARN_COMMA = YES;
				CLANG_WARN_CONSTANT_CONVERSION = YES;
				CLANG_WARN_DEPRECATED_OBJC_IMPLEMENTATIONS = YES;
				CLANG_WARN_DIRECT_OBJC_ISA_USAGE = YES_ERROR;
				CLANG_WARN_DOCUMENTATION_COMMENTS = YES;
				CLANG_WARN_EMPTY_BODY = YES;
				CLANG_WARN_ENUM_CONVERSION = YES;
				CLANG_WARN_INFINITE_RECURSION = YES;
				CLANG_WARN_INT_CONVERSION = YES;
				CLANG_WARN_NON_LITERAL_NULL_CONVERSION = YES;
				CLANG_WARN_OBJC_IMPLICIT_RETAIN_SELF = YES;
				CLANG_WARN_OBJC_LITERAL_CONVERSION = YES;
				CLANG_WARN_OBJC_ROOT_CLASS = YES_ERROR;
				CLANG_WARN_QUOTED_INCLUDE_IN_FRAMEWORK_HEADER = YES;
				CLANG_WARN_RANGE_LOOP_ANALYSIS = YES;
				CLANG_WARN_STRICT_PROTOTYPES = YES;
				CLANG_WARN_SUSPICIOUS_MOVE = YES;
				CLANG_WARN_UNGUARDED_AVAILABILITY = YES_AGGRESSIVE;
				CLANG_WARN_UNREACHABLE_CODE = YES;
				CLANG_WARN__DUPLICATE_METHOD_MATCH = YES;
				COPY_PHASE_STRIP = NO;
				DEBUG_INFORMATION_FORMAT = "dwarf-with-dsym";
				ENABLE_NS_ASSERTIONS = NO;
				ENABLE_STRICT_OBJC_MSGSEND = YES;
				GCC_C_LANGUAGE_STANDARD = gnu11;
				GCC_NO_COMMON_BLOCKS = YES;
				GCC_WARN_64_TO_32_BIT_CONVERSION = YES;
				GCC_WARN_ABOUT_RETURN_TYPE = YES_ERROR;
				GCC_WARN_UNDECLARED_SELECTOR = YES;
				GCC_WARN_UNINITIALIZED_AUTOS = YES_AGGRESSIVE;
				GCC_WARN_UNUSED_FUNCTION = YES;
				GCC_WARN_UNUSED_VARIABLE = YES;
				IPHONEOS_DEPLOYMENT_TARGET = 14.0;
				MTL_ENABLE_DEBUG_INFO = NO;
				MTL_FAST_MATH = YES;
				SDKROOT = iphoneos;
				SWIFT_COMPILATION_MODE = wholemodule;
				SWIFT_OPTIMIZATION_LEVEL = "-O";
				VALIDATE_PRODUCT = YES;
			};
			name = Release;
		};
		DB6B07ED28450A3A0009397B /* Debug */ = {
			isa = XCBuildConfiguration;
			buildSettings = {
				ASSETCATALOG_COMPILER_APPICON_NAME = AppIcon;
				ASSETCATALOG_COMPILER_GLOBAL_ACCENT_COLOR_NAME = AccentColor;
				CODE_SIGN_STYLE = Automatic;
				CURRENT_PROJECT_VERSION = 1;
				DEVELOPMENT_TEAM = 2GBFVLY769;
				GENERATE_INFOPLIST_FILE = YES;
				INFOPLIST_FILE = animeal/res/Info.plist;
				INFOPLIST_KEY_CFBundleDisplayName = "";
				INFOPLIST_KEY_LSApplicationCategoryType = "";
				INFOPLIST_KEY_NSLocationWhenInUseUsageDescription = "Your precise location is used to calculate turn-by-turn directions, show your location on the map, and help improve the map.";
				INFOPLIST_KEY_UIApplicationSupportsIndirectInputEvents = YES;
				INFOPLIST_KEY_UILaunchStoryboardName = LaunchScreen;
				INFOPLIST_KEY_UIMainStoryboardFile = LaunchScreen;
				INFOPLIST_KEY_UISupportedInterfaceOrientations = UIInterfaceOrientationPortrait;
				INFOPLIST_KEY_UISupportedInterfaceOrientations_iPad = "UIInterfaceOrientationPortrait UIInterfaceOrientationPortraitUpsideDown UIInterfaceOrientationLandscapeLeft UIInterfaceOrientationLandscapeRight";
				INFOPLIST_KEY_UISupportedInterfaceOrientations_iPhone = "UIInterfaceOrientationPortrait UIInterfaceOrientationLandscapeLeft UIInterfaceOrientationLandscapeRight";
				IPHONEOS_DEPLOYMENT_TARGET = 14.0;
				LD_RUNPATH_SEARCH_PATHS = (
					"$(inherited)",
					"@executable_path/Frameworks",
				);
				MARKETING_VERSION = 0.1;
				PRODUCT_BUNDLE_IDENTIFIER = com.epmedu.animeal;
				PRODUCT_NAME = "$(TARGET_NAME)";
				SWIFT_EMIT_LOC_STRINGS = YES;
				SWIFT_VERSION = 5.0;
				TARGETED_DEVICE_FAMILY = 1;
			};
			name = Debug;
		};
		DB6B07EE28450A3A0009397B /* Release */ = {
			isa = XCBuildConfiguration;
			buildSettings = {
				ASSETCATALOG_COMPILER_APPICON_NAME = AppIcon;
				ASSETCATALOG_COMPILER_GLOBAL_ACCENT_COLOR_NAME = AccentColor;
				CODE_SIGN_STYLE = Automatic;
				CURRENT_PROJECT_VERSION = 1;
				DEVELOPMENT_TEAM = 2GBFVLY769;
				GENERATE_INFOPLIST_FILE = YES;
				INFOPLIST_FILE = animeal/res/Info.plist;
				INFOPLIST_KEY_CFBundleDisplayName = "";
				INFOPLIST_KEY_LSApplicationCategoryType = "";
				INFOPLIST_KEY_NSLocationWhenInUseUsageDescription = "Your precise location is used to calculate turn-by-turn directions, show your location on the map, and help improve the map.";
				INFOPLIST_KEY_UIApplicationSupportsIndirectInputEvents = YES;
				INFOPLIST_KEY_UILaunchStoryboardName = LaunchScreen;
				INFOPLIST_KEY_UIMainStoryboardFile = LaunchScreen;
				INFOPLIST_KEY_UISupportedInterfaceOrientations = UIInterfaceOrientationPortrait;
				INFOPLIST_KEY_UISupportedInterfaceOrientations_iPad = "UIInterfaceOrientationPortrait UIInterfaceOrientationPortraitUpsideDown UIInterfaceOrientationLandscapeLeft UIInterfaceOrientationLandscapeRight";
				INFOPLIST_KEY_UISupportedInterfaceOrientations_iPhone = "UIInterfaceOrientationPortrait UIInterfaceOrientationLandscapeLeft UIInterfaceOrientationLandscapeRight";
				IPHONEOS_DEPLOYMENT_TARGET = 14.0;
				LD_RUNPATH_SEARCH_PATHS = (
					"$(inherited)",
					"@executable_path/Frameworks",
				);
				MARKETING_VERSION = 0.1;
				PRODUCT_BUNDLE_IDENTIFIER = com.epmedu.animeal;
				PRODUCT_NAME = "$(TARGET_NAME)";
				SWIFT_EMIT_LOC_STRINGS = YES;
				SWIFT_VERSION = 5.0;
				TARGETED_DEVICE_FAMILY = 1;
			};
			name = Release;
		};
		DB6B07F028450A3A0009397B /* Debug */ = {
			isa = XCBuildConfiguration;
			buildSettings = {
				ALWAYS_EMBED_SWIFT_STANDARD_LIBRARIES = YES;
				BUNDLE_LOADER = "$(TEST_HOST)";
				CLANG_ENABLE_MODULES = YES;
				CODE_SIGN_STYLE = Automatic;
				CURRENT_PROJECT_VERSION = 1;
				DEVELOPMENT_TEAM = 2GBFVLY769;
				GENERATE_INFOPLIST_FILE = YES;
				IPHONEOS_DEPLOYMENT_TARGET = 15.2;
				LD_RUNPATH_SEARCH_PATHS = (
					"$(inherited)",
					"@executable_path/Frameworks",
					"@loader_path/Frameworks",
				);
				MARKETING_VERSION = 1.0;
				PRODUCT_BUNDLE_IDENTIFIER = com.epmedu.animealTests;
				PRODUCT_NAME = "$(TARGET_NAME)";
				SWIFT_EMIT_LOC_STRINGS = NO;
				SWIFT_OPTIMIZATION_LEVEL = "-Onone";
				SWIFT_VERSION = 5.0;
				TARGETED_DEVICE_FAMILY = "1,2";
				TEST_HOST = "$(BUILT_PRODUCTS_DIR)/animeal.app/animeal";
			};
			name = Debug;
		};
		DB6B07F128450A3A0009397B /* Release */ = {
			isa = XCBuildConfiguration;
			buildSettings = {
				ALWAYS_EMBED_SWIFT_STANDARD_LIBRARIES = YES;
				BUNDLE_LOADER = "$(TEST_HOST)";
				CLANG_ENABLE_MODULES = YES;
				CODE_SIGN_STYLE = Automatic;
				CURRENT_PROJECT_VERSION = 1;
				DEVELOPMENT_TEAM = 2GBFVLY769;
				GENERATE_INFOPLIST_FILE = YES;
				IPHONEOS_DEPLOYMENT_TARGET = 15.2;
				LD_RUNPATH_SEARCH_PATHS = (
					"$(inherited)",
					"@executable_path/Frameworks",
					"@loader_path/Frameworks",
				);
				MARKETING_VERSION = 1.0;
				PRODUCT_BUNDLE_IDENTIFIER = com.epmedu.animealTests;
				PRODUCT_NAME = "$(TARGET_NAME)";
				SWIFT_EMIT_LOC_STRINGS = NO;
				SWIFT_VERSION = 5.0;
				TARGETED_DEVICE_FAMILY = "1,2";
				TEST_HOST = "$(BUILT_PRODUCTS_DIR)/animeal.app/animeal";
			};
			name = Release;
		};
		FB4313682848E97E0084C21A /* Debug */ = {
			isa = XCBuildConfiguration;
			buildSettings = {
				ASSETCATALOG_COMPILER_APPICON_NAME = AppIcon;
				ASSETCATALOG_COMPILER_GLOBAL_ACCENT_COLOR_NAME = AccentColor;
				CODE_SIGN_STYLE = Automatic;
				CURRENT_PROJECT_VERSION = 1;
				DEVELOPMENT_TEAM = 53APD5F9YQ;
				GENERATE_INFOPLIST_FILE = YES;
				INFOPLIST_FILE = animealUI/Info.plist;
				INFOPLIST_KEY_UIApplicationSupportsIndirectInputEvents = YES;
				INFOPLIST_KEY_UILaunchStoryboardName = LaunchScreen;
				INFOPLIST_KEY_UIMainStoryboardFile = LaunchScreen;
				INFOPLIST_KEY_UISupportedInterfaceOrientations = UIInterfaceOrientationPortrait;
				INFOPLIST_KEY_UISupportedInterfaceOrientations_iPad = "UIInterfaceOrientationPortrait UIInterfaceOrientationPortraitUpsideDown UIInterfaceOrientationLandscapeLeft UIInterfaceOrientationLandscapeRight";
				INFOPLIST_KEY_UISupportedInterfaceOrientations_iPhone = "UIInterfaceOrientationPortrait UIInterfaceOrientationLandscapeLeft UIInterfaceOrientationLandscapeRight";
				IPHONEOS_DEPLOYMENT_TARGET = 14.0;
				LD_RUNPATH_SEARCH_PATHS = (
					"$(inherited)",
					"@executable_path/Frameworks",
				);
				MARKETING_VERSION = 1.0;
				PRODUCT_BUNDLE_IDENTIFIER = com.epmedu.animeal.ui;
				PRODUCT_NAME = "$(TARGET_NAME)";
				SWIFT_EMIT_LOC_STRINGS = YES;
				SWIFT_VERSION = 5.0;
				TARGETED_DEVICE_FAMILY = 1;
			};
			name = Debug;
		};
		FB4313692848E97E0084C21A /* Release */ = {
			isa = XCBuildConfiguration;
			buildSettings = {
				ASSETCATALOG_COMPILER_APPICON_NAME = AppIcon;
				ASSETCATALOG_COMPILER_GLOBAL_ACCENT_COLOR_NAME = AccentColor;
				CODE_SIGN_STYLE = Automatic;
				CURRENT_PROJECT_VERSION = 1;
				DEVELOPMENT_TEAM = 53APD5F9YQ;
				GENERATE_INFOPLIST_FILE = YES;
				INFOPLIST_FILE = animealUI/Info.plist;
				INFOPLIST_KEY_UIApplicationSupportsIndirectInputEvents = YES;
				INFOPLIST_KEY_UILaunchStoryboardName = LaunchScreen;
				INFOPLIST_KEY_UIMainStoryboardFile = LaunchScreen;
				INFOPLIST_KEY_UISupportedInterfaceOrientations = UIInterfaceOrientationPortrait;
				INFOPLIST_KEY_UISupportedInterfaceOrientations_iPad = "UIInterfaceOrientationPortrait UIInterfaceOrientationPortraitUpsideDown UIInterfaceOrientationLandscapeLeft UIInterfaceOrientationLandscapeRight";
				INFOPLIST_KEY_UISupportedInterfaceOrientations_iPhone = "UIInterfaceOrientationPortrait UIInterfaceOrientationLandscapeLeft UIInterfaceOrientationLandscapeRight";
				IPHONEOS_DEPLOYMENT_TARGET = 14.0;
				LD_RUNPATH_SEARCH_PATHS = (
					"$(inherited)",
					"@executable_path/Frameworks",
				);
				MARKETING_VERSION = 1.0;
				PRODUCT_BUNDLE_IDENTIFIER = com.epmedu.animeal.ui;
				PRODUCT_NAME = "$(TARGET_NAME)";
				SWIFT_EMIT_LOC_STRINGS = YES;
				SWIFT_VERSION = 5.0;
				TARGETED_DEVICE_FAMILY = 1;
			};
			name = Release;
		};
/* End XCBuildConfiguration section */

/* Begin XCConfigurationList section */
		DB6B07BD28450A380009397B /* Build configuration list for PBXProject "animeal" */ = {
			isa = XCConfigurationList;
			buildConfigurations = (
				DB6B07EA28450A3A0009397B /* Debug */,
				DB6B07EB28450A3A0009397B /* Release */,
			);
			defaultConfigurationIsVisible = 0;
			defaultConfigurationName = Release;
		};
		DB6B07EC28450A3A0009397B /* Build configuration list for PBXNativeTarget "animeal" */ = {
			isa = XCConfigurationList;
			buildConfigurations = (
				DB6B07ED28450A3A0009397B /* Debug */,
				DB6B07EE28450A3A0009397B /* Release */,
			);
			defaultConfigurationIsVisible = 0;
			defaultConfigurationName = Release;
		};
		DB6B07EF28450A3A0009397B /* Build configuration list for PBXNativeTarget "animealTests" */ = {
			isa = XCConfigurationList;
			buildConfigurations = (
				DB6B07F028450A3A0009397B /* Debug */,
				DB6B07F128450A3A0009397B /* Release */,
			);
			defaultConfigurationIsVisible = 0;
			defaultConfigurationName = Release;
		};
		FB4313672848E97E0084C21A /* Build configuration list for PBXNativeTarget "animealUI" */ = {
			isa = XCConfigurationList;
			buildConfigurations = (
				FB4313682848E97E0084C21A /* Debug */,
				FB4313692848E97E0084C21A /* Release */,
			);
			defaultConfigurationIsVisible = 0;
			defaultConfigurationName = Release;
		};
/* End XCConfigurationList section */

/* Begin XCRemoteSwiftPackageReference section */
		839E2740284A33490040142A /* XCRemoteSwiftPackageReference "amplify-ios" */ = {
			isa = XCRemoteSwiftPackageReference;
			repositoryURL = "https://github.com/aws-amplify/amplify-ios";
			requirement = {
				kind = upToNextMajorVersion;
				minimumVersion = 1.0.0;
			};
		};
		DBA3C7E528575CAF00B30A78 /* XCRemoteSwiftPackageReference "mapbox-maps-ios" */ = {
			isa = XCRemoteSwiftPackageReference;
			repositoryURL = "https://github.com/mapbox/mapbox-maps-ios.git";
			requirement = {
				kind = upToNextMajorVersion;
				minimumVersion = 10.5.0;
			};
		};
		FBFE40EE2853448800316D58 /* XCRemoteSwiftPackageReference "Quick" */ = {
			isa = XCRemoteSwiftPackageReference;
			repositoryURL = "https://github.com/Quick/Quick.git";
			requirement = {
				branch = main;
				kind = branch;
			};
		};
		FBFE40F1285344B100316D58 /* XCRemoteSwiftPackageReference "Nimble" */ = {
			isa = XCRemoteSwiftPackageReference;
			repositoryURL = "https://github.com/Quick/Nimble.git";
			requirement = {
				branch = main;
				kind = branch;
			};
		};
/* End XCRemoteSwiftPackageReference section */

/* Begin XCSwiftPackageProductDependency section */
		839E2741284A33490040142A /* AWSAPIPlugin */ = {
			isa = XCSwiftPackageProductDependency;
			package = 839E2740284A33490040142A /* XCRemoteSwiftPackageReference "amplify-ios" */;
			productName = AWSAPIPlugin;
		};
		839E2743284A33490040142A /* AWSCognitoAuthPlugin */ = {
			isa = XCSwiftPackageProductDependency;
			package = 839E2740284A33490040142A /* XCRemoteSwiftPackageReference "amplify-ios" */;
			productName = AWSCognitoAuthPlugin;
		};
		839E2745284A33490040142A /* AWSDataStorePlugin */ = {
			isa = XCSwiftPackageProductDependency;
			package = 839E2740284A33490040142A /* XCRemoteSwiftPackageReference "amplify-ios" */;
			productName = AWSDataStorePlugin;
		};
		839E2747284A33490040142A /* AWSLocationGeoPlugin */ = {
			isa = XCSwiftPackageProductDependency;
			package = 839E2740284A33490040142A /* XCRemoteSwiftPackageReference "amplify-ios" */;
			productName = AWSLocationGeoPlugin;
		};
		839E2749284A33490040142A /* Amplify */ = {
			isa = XCSwiftPackageProductDependency;
			package = 839E2740284A33490040142A /* XCRemoteSwiftPackageReference "amplify-ios" */;
			productName = Amplify;
		};
		DBA3C7E628575CAF00B30A78 /* MapboxMaps */ = {
			isa = XCSwiftPackageProductDependency;
			package = DBA3C7E528575CAF00B30A78 /* XCRemoteSwiftPackageReference "mapbox-maps-ios" */;
			productName = MapboxMaps;
		};
		FB2914DB284F66830094DA8B /* Services */ = {
			isa = XCSwiftPackageProductDependency;
			productName = Services;
		};
		FB43136A2848EA950084C21A /* UIComponents */ = {
			isa = XCSwiftPackageProductDependency;
			productName = UIComponents;
		};
		FB5E4A3E284770FE00679657 /* UIComponents */ = {
			isa = XCSwiftPackageProductDependency;
			productName = UIComponents;
		};
		FBFE40EF2853448800316D58 /* Quick */ = {
			isa = XCSwiftPackageProductDependency;
			package = FBFE40EE2853448800316D58 /* XCRemoteSwiftPackageReference "Quick" */;
			productName = Quick;
		};
		FBFE40F2285344B100316D58 /* Nimble */ = {
			isa = XCSwiftPackageProductDependency;
			package = FBFE40F1285344B100316D58 /* XCRemoteSwiftPackageReference "Nimble" */;
			productName = Nimble;
		};
/* End XCSwiftPackageProductDependency section */
	};
	rootObject = DB6B07BA28450A380009397B /* Project object */;
}
